// !$*UTF8*$!
{
	archiveVersion = 1;
	classes = {
	};
	objectVersion = 46;
	objects = {

/* Begin PBXAppleScriptBuildPhase section */
		CE6B288A0AFB7FC900508D93 /* AppleScript */ = {
			isa = PBXAppleScriptBuildPhase;
			buildActionMask = 2147483647;
			contextName = "";
			files = (
			);
			isSharedContext = 0;
			runOnlyForDeploymentPostprocessing = 0;
		};
/* End PBXAppleScriptBuildPhase section */

/* Begin PBXBuildFile section */
		8D11072D0486CEB800E47090 /* main.m in Sources */ = {isa = PBXBuildFile; fileRef = 29B97316FDCFA39411CA2CEA /* main.m */; settings = {ATTRIBUTES = (); }; };
		8D11072F0486CEB800E47090 /* Cocoa.framework in Frameworks */ = {isa = PBXBuildFile; fileRef = 1058C7A1FEA54F0111CA2CBB /* Cocoa.framework */; };
		CE003CC611242D00004B0AA7 /* HSGUIController.m in Sources */ = {isa = PBXBuildFile; fileRef = CE003CB411242D00004B0AA7 /* HSGUIController.m */; };
		CE003CC711242D00004B0AA7 /* HSOutline.m in Sources */ = {isa = PBXBuildFile; fileRef = CE003CB611242D00004B0AA7 /* HSOutline.m */; };
		CE003CC811242D00004B0AA7 /* HSWindowController.m in Sources */ = {isa = PBXBuildFile; fileRef = CE003CB811242D00004B0AA7 /* HSWindowController.m */; };
		CE003CC911242D00004B0AA7 /* NSEventAdditions.m in Sources */ = {isa = PBXBuildFile; fileRef = CE003CBA11242D00004B0AA7 /* NSEventAdditions.m */; };
		CE003CCA11242D00004B0AA7 /* HSOutlineView.m in Sources */ = {isa = PBXBuildFile; fileRef = CE003CC111242D00004B0AA7 /* HSOutlineView.m */; };
		CE003CCB11242D00004B0AA7 /* NSIndexPathAdditions.m in Sources */ = {isa = PBXBuildFile; fileRef = CE003CC311242D00004B0AA7 /* NSIndexPathAdditions.m */; };
		CE003CCC11242D00004B0AA7 /* NSTableViewAdditions.m in Sources */ = {isa = PBXBuildFile; fileRef = CE003CC511242D00004B0AA7 /* NSTableViewAdditions.m */; };
		CE003CD011242D2C004B0AA7 /* DirectoryOutline.m in Sources */ = {isa = PBXBuildFile; fileRef = CE003CCE11242D2C004B0AA7 /* DirectoryOutline.m */; };
		CE05331712E5D3ED0029EF25 /* DetailsPanel.xib in Resources */ = {isa = PBXBuildFile; fileRef = CE05330D12E5D3ED0029EF25 /* DetailsPanel.xib */; };
		CE05331812E5D3ED0029EF25 /* DirectoryPanel.xib in Resources */ = {isa = PBXBuildFile; fileRef = CE05330F12E5D3ED0029EF25 /* DirectoryPanel.xib */; };
		CE05331912E5D3ED0029EF25 /* MainMenu.xib in Resources */ = {isa = PBXBuildFile; fileRef = CE05331112E5D3ED0029EF25 /* MainMenu.xib */; };
		CE05331A12E5D3ED0029EF25 /* ProblemDialog.xib in Resources */ = {isa = PBXBuildFile; fileRef = CE05331312E5D3ED0029EF25 /* ProblemDialog.xib */; };
		CE05331B12E5D3ED0029EF25 /* ResultWindow.xib in Resources */ = {isa = PBXBuildFile; fileRef = CE05331512E5D3ED0029EF25 /* ResultWindow.xib */; };
		CE05332312E5D4100029EF25 /* Preferences.xib in Resources */ = {isa = PBXBuildFile; fileRef = CE05332112E5D4100029EF25 /* Preferences.xib */; };
		CE05332F12E5D6100029EF25 /* Localizable.strings in Resources */ = {isa = PBXBuildFile; fileRef = CE05332D12E5D6100029EF25 /* Localizable.strings */; };
		CE073F6309CAE1A3005C1D2F /* help in Resources */ = {isa = PBXBuildFile; fileRef = CE073F5409CAE1A3005C1D2F /* help */; };
		CE0A0C001175A1C000DCA3C6 /* HSTable.m in Sources */ = {isa = PBXBuildFile; fileRef = CE0A0BFF1175A1C000DCA3C6 /* HSTable.m */; };
		CE0A0C041175A1DE00DCA3C6 /* ProblemDialog.m in Sources */ = {isa = PBXBuildFile; fileRef = CE0A0C021175A1DE00DCA3C6 /* ProblemDialog.m */; };
		CE1425890AFB718500BD5167 /* Sparkle.framework in Frameworks */ = {isa = PBXBuildFile; fileRef = CE1425880AFB718500BD5167 /* Sparkle.framework */; };
		CE14259F0AFB719300BD5167 /* Sparkle.framework in CopyFiles */ = {isa = PBXBuildFile; fileRef = CE1425880AFB718500BD5167 /* Sparkle.framework */; };
		CE1EAA0A12DF3E81009BA949 /* HSRecentFiles.m in Sources */ = {isa = PBXBuildFile; fileRef = CE1EAA0912DF3E81009BA949 /* HSRecentFiles.m */; };
		CE381C9609914ACE003581CE /* AppDelegate.m in Sources */ = {isa = PBXBuildFile; fileRef = CE381C9409914ACE003581CE /* AppDelegate.m */; };
		CE381C9C09914ADF003581CE /* ResultWindow.m in Sources */ = {isa = PBXBuildFile; fileRef = CE381C9A09914ADF003581CE /* ResultWindow.m */; };
		CE381D0509915304003581CE /* dg_cocoa.plugin in Resources */ = {isa = PBXBuildFile; fileRef = CE381CF509915304003581CE /* dg_cocoa.plugin */; };
		CE45274F12E5F62D00005A15 /* core.strings in Resources */ = {isa = PBXBuildFile; fileRef = CE45274D12E5F62D00005A15 /* core.strings */; };
		CE4B59C91119919700C06C9E /* progress.xib in Resources */ = {isa = PBXBuildFile; fileRef = CE4B59C61119919700C06C9E /* progress.xib */; };
		CE4F934912CCA96C0067A3AE /* HSAboutBox.m in Sources */ = {isa = PBXBuildFile; fileRef = CE4F934812CCA96C0067A3AE /* HSAboutBox.m */; };
		CE515DF30FC6C12E00EC695D /* Dialogs.m in Sources */ = {isa = PBXBuildFile; fileRef = CE515DE10FC6C12E00EC695D /* Dialogs.m */; };
		CE515DF40FC6C12E00EC695D /* HSErrorReportWindow.m in Sources */ = {isa = PBXBuildFile; fileRef = CE515DE30FC6C12E00EC695D /* HSErrorReportWindow.m */; };
		CE515DF60FC6C12E00EC695D /* ProgressController.m in Sources */ = {isa = PBXBuildFile; fileRef = CE515DE70FC6C12E00EC695D /* ProgressController.m */; };
		CE515DFA0FC6C12E00EC695D /* Utils.m in Sources */ = {isa = PBXBuildFile; fileRef = CE515DF00FC6C12E00EC695D /* Utils.m */; };
		CE515DFB0FC6C12E00EC695D /* ValueTransformers.m in Sources */ = {isa = PBXBuildFile; fileRef = CE515DF20FC6C12E00EC695D /* ValueTransformers.m */; };
		CE515E1D0FC6C19300EC695D /* AppDelegate.m in Sources */ = {isa = PBXBuildFile; fileRef = CE515E160FC6C19300EC695D /* AppDelegate.m */; };
		CE515E1E0FC6C19300EC695D /* DirectoryPanel.m in Sources */ = {isa = PBXBuildFile; fileRef = CE515E190FC6C19300EC695D /* DirectoryPanel.m */; };
		CE515E1F0FC6C19300EC695D /* ResultWindow.m in Sources */ = {isa = PBXBuildFile; fileRef = CE515E1C0FC6C19300EC695D /* ResultWindow.m */; };
		CE578303124DFC660004769C /* HSTableView.m in Sources */ = {isa = PBXBuildFile; fileRef = CE578302124DFC660004769C /* HSTableView.m */; };
		CE6032C00FE6784C007E33FF /* DetailsPanel.m in Sources */ = {isa = PBXBuildFile; fileRef = CE6032BF0FE6784C007E33FF /* DetailsPanel.m */; };
		CE68EE6809ABC48000971085 /* DirectoryPanel.m in Sources */ = {isa = PBXBuildFile; fileRef = CE68EE6609ABC48000971085 /* DirectoryPanel.m */; };
		CE6E0E9F1054EB97008D9390 /* dsa_pub.pem in Resources */ = {isa = PBXBuildFile; fileRef = CE6E0E9E1054EB97008D9390 /* dsa_pub.pem */; };
		CE74A12412537F06008A8DF0 /* HSFairwareReminder.m in Sources */ = {isa = PBXBuildFile; fileRef = CE74A12212537F06008A8DF0 /* HSFairwareReminder.m */; };
		CE74A12712537F2E008A8DF0 /* FairwareReminder.xib in Resources */ = {isa = PBXBuildFile; fileRef = CE74A12512537F2E008A8DF0 /* FairwareReminder.xib */; };
		CE848A1909DD85810004CB44 /* Consts.h in CopyFiles */ = {isa = PBXBuildFile; fileRef = CE848A1809DD85810004CB44 /* Consts.h */; };
		CE84C9B21423ADFB0050A6AD /* PrioritizeDialog.m in Sources */ = {isa = PBXBuildFile; fileRef = CE84C9AD1423ADFB0050A6AD /* PrioritizeDialog.m */; };
		CE84C9B31423ADFB0050A6AD /* PrioritizeList.m in Sources */ = {isa = PBXBuildFile; fileRef = CE84C9AF1423ADFB0050A6AD /* PrioritizeList.m */; };
		CE84C9B91423AE410050A6AD /* HSPopUpList.m in Sources */ = {isa = PBXBuildFile; fileRef = CE84C9B61423AE410050A6AD /* HSPopUpList.m */; };
		CE84C9BA1423AE410050A6AD /* HSSelectableList.m in Sources */ = {isa = PBXBuildFile; fileRef = CE84C9B81423AE410050A6AD /* HSSelectableList.m */; };
		CE84C9BD1423AF200050A6AD /* PrioritizeDialog.xib in Resources */ = {isa = PBXBuildFile; fileRef = CE84C9BB1423AF200050A6AD /* PrioritizeDialog.xib */; };
		CEB14D29124DFC2800FA7481 /* ResultTable.m in Sources */ = {isa = PBXBuildFile; fileRef = CEB14D28124DFC2800FA7481 /* ResultTable.m */; };
		CEB5E07813225C89009F521D /* ExtraFairwareReminder.m in Sources */ = {isa = PBXBuildFile; fileRef = CEB5E07613225C89009F521D /* ExtraFairwareReminder.m */; };
		CEB5E07D13225CA2009F521D /* ExtraFairwareReminder.xib in Resources */ = {isa = PBXBuildFile; fileRef = CEB5E07B13225CA2009F521D /* ExtraFairwareReminder.xib */; };
		CEC481F21423FBC600034F91 /* columns.strings in Resources */ = {isa = PBXBuildFile; fileRef = CEC481ED1423FBC600034F91 /* columns.strings */; };
		CEC481F31423FBC600034F91 /* help in Resources */ = {isa = PBXBuildFile; fileRef = CE073F5409CAE1A3005C1D2F /* help */; };
		CEC481F41423FBC600034F91 /* dg_cocoa.plugin in Resources */ = {isa = PBXBuildFile; fileRef = CE381CF509915304003581CE /* dg_cocoa.plugin */; };
		CEC481F51423FBC600034F91 /* folder32.png in Resources */ = {isa = PBXBuildFile; fileRef = CEFC294509C89E3D00D9F998 /* folder32.png */; };
		CECE37A61423EA980005187F /* DetailsPanel.xib in Resources */ = {isa = PBXBuildFile; fileRef = CE05330D12E5D3ED0029EF25 /* DetailsPanel.xib */; };
		CECE37A71423EA980005187F /* DirectoryPanel.xib in Resources */ = {isa = PBXBuildFile; fileRef = CE05330F12E5D3ED0029EF25 /* DirectoryPanel.xib */; };
		CECE37A81423EA980005187F /* MainMenu.xib in Resources */ = {isa = PBXBuildFile; fileRef = CE05331112E5D3ED0029EF25 /* MainMenu.xib */; };
		CEDF07A3112493B200EE5BC0 /* StatsLabel.m in Sources */ = {isa = PBXBuildFile; fileRef = CEDF07A2112493B200EE5BC0 /* StatsLabel.m */; };
		CEEB135209C837A2004D2330 /* dupeguru.icns in Resources */ = {isa = PBXBuildFile; fileRef = CEEB135109C837A2004D2330 /* dupeguru.icns */; };
		CEF3185913D8660000B8CDCA /* about.xib in Resources */ = {isa = PBXBuildFile; fileRef = CEF3185513D8660000B8CDCA /* about.xib */; };
		CEF3185A13D8660000B8CDCA /* ErrorReportWindow.xib in Resources */ = {isa = PBXBuildFile; fileRef = CEF3185713D8660000B8CDCA /* ErrorReportWindow.xib */; };
		CEFC294609C89E3D00D9F998 /* folder32.png in Resources */ = {isa = PBXBuildFile; fileRef = CEFC294509C89E3D00D9F998 /* folder32.png */; };
/* End PBXBuildFile section */

/* Begin PBXCopyFilesBuildPhase section */
		CECC02B709A36E8200CC0A94 /* CopyFiles */ = {
			isa = PBXCopyFilesBuildPhase;
			buildActionMask = 2147483647;
			dstPath = "";
			dstSubfolderSpec = 10;
			files = (
				CE14259F0AFB719300BD5167 /* Sparkle.framework in CopyFiles */,
				CE848A1909DD85810004CB44 /* Consts.h in CopyFiles */,
			);
			runOnlyForDeploymentPostprocessing = 0;
		};
/* End PBXCopyFilesBuildPhase section */

/* Begin PBXFileReference section */
		1058C7A1FEA54F0111CA2CBB /* Cocoa.framework */ = {isa = PBXFileReference; lastKnownFileType = wrapper.framework; name = Cocoa.framework; path = /System/Library/Frameworks/Cocoa.framework; sourceTree = "<absolute>"; };
		13E42FB307B3F0F600E4EEF1 /* CoreData.framework */ = {isa = PBXFileReference; lastKnownFileType = wrapper.framework; name = CoreData.framework; path = /System/Library/Frameworks/CoreData.framework; sourceTree = "<absolute>"; };
		29B97316FDCFA39411CA2CEA /* main.m */ = {isa = PBXFileReference; fileEncoding = 4; lastKnownFileType = sourcecode.c.objc; path = main.m; sourceTree = "<group>"; };
		29B97324FDCFA39411CA2CEA /* AppKit.framework */ = {isa = PBXFileReference; lastKnownFileType = wrapper.framework; name = AppKit.framework; path = /System/Library/Frameworks/AppKit.framework; sourceTree = "<absolute>"; };
		29B97325FDCFA39411CA2CEA /* Foundation.framework */ = {isa = PBXFileReference; lastKnownFileType = wrapper.framework; name = Foundation.framework; path = /System/Library/Frameworks/Foundation.framework; sourceTree = "<absolute>"; };
		8D1107310486CEB800E47090 /* Info.plist */ = {isa = PBXFileReference; fileEncoding = 4; lastKnownFileType = text.plist.xml; path = Info.plist; sourceTree = SOURCE_ROOT; };
		8D1107320486CEB800E47090 /* dupeGuru ME.app */ = {isa = PBXFileReference; explicitFileType = wrapper.application; includeInIndex = 0; path = "dupeGuru ME.app"; sourceTree = BUILT_PRODUCTS_DIR; };
		CE003CB311242D00004B0AA7 /* HSGUIController.h */ = {isa = PBXFileReference; fileEncoding = 4; lastKnownFileType = sourcecode.c.h; path = HSGUIController.h; sourceTree = "<group>"; };
		CE003CB411242D00004B0AA7 /* HSGUIController.m */ = {isa = PBXFileReference; fileEncoding = 4; lastKnownFileType = sourcecode.c.objc; path = HSGUIController.m; sourceTree = "<group>"; };
		CE003CB511242D00004B0AA7 /* HSOutline.h */ = {isa = PBXFileReference; fileEncoding = 4; lastKnownFileType = sourcecode.c.h; path = HSOutline.h; sourceTree = "<group>"; };
		CE003CB611242D00004B0AA7 /* HSOutline.m */ = {isa = PBXFileReference; fileEncoding = 4; lastKnownFileType = sourcecode.c.objc; path = HSOutline.m; sourceTree = "<group>"; };
		CE003CB711242D00004B0AA7 /* HSWindowController.h */ = {isa = PBXFileReference; fileEncoding = 4; lastKnownFileType = sourcecode.c.h; path = HSWindowController.h; sourceTree = "<group>"; };
		CE003CB811242D00004B0AA7 /* HSWindowController.m */ = {isa = PBXFileReference; fileEncoding = 4; lastKnownFileType = sourcecode.c.objc; path = HSWindowController.m; sourceTree = "<group>"; };
		CE003CB911242D00004B0AA7 /* NSEventAdditions.h */ = {isa = PBXFileReference; fileEncoding = 4; lastKnownFileType = sourcecode.c.h; name = NSEventAdditions.h; path = ../../cocoalib/NSEventAdditions.h; sourceTree = SOURCE_ROOT; };
		CE003CBA11242D00004B0AA7 /* NSEventAdditions.m */ = {isa = PBXFileReference; fileEncoding = 4; lastKnownFileType = sourcecode.c.objc; name = NSEventAdditions.m; path = ../../cocoalib/NSEventAdditions.m; sourceTree = SOURCE_ROOT; };
		CE003CBC11242D00004B0AA7 /* PyGUI.h */ = {isa = PBXFileReference; fileEncoding = 4; lastKnownFileType = sourcecode.c.h; path = PyGUI.h; sourceTree = "<group>"; };
		CE003CBD11242D00004B0AA7 /* PyOutline.h */ = {isa = PBXFileReference; fileEncoding = 4; lastKnownFileType = sourcecode.c.h; path = PyOutline.h; sourceTree = "<group>"; };
		CE003CC011242D00004B0AA7 /* HSOutlineView.h */ = {isa = PBXFileReference; fileEncoding = 4; lastKnownFileType = sourcecode.c.h; path = HSOutlineView.h; sourceTree = "<group>"; };
		CE003CC111242D00004B0AA7 /* HSOutlineView.m */ = {isa = PBXFileReference; fileEncoding = 4; lastKnownFileType = sourcecode.c.objc; path = HSOutlineView.m; sourceTree = "<group>"; };
		CE003CC211242D00004B0AA7 /* NSIndexPathAdditions.h */ = {isa = PBXFileReference; fileEncoding = 4; lastKnownFileType = sourcecode.c.h; path = NSIndexPathAdditions.h; sourceTree = "<group>"; };
		CE003CC311242D00004B0AA7 /* NSIndexPathAdditions.m */ = {isa = PBXFileReference; fileEncoding = 4; lastKnownFileType = sourcecode.c.objc; path = NSIndexPathAdditions.m; sourceTree = "<group>"; };
		CE003CC411242D00004B0AA7 /* NSTableViewAdditions.h */ = {isa = PBXFileReference; fileEncoding = 4; lastKnownFileType = sourcecode.c.h; path = NSTableViewAdditions.h; sourceTree = "<group>"; };
		CE003CC511242D00004B0AA7 /* NSTableViewAdditions.m */ = {isa = PBXFileReference; fileEncoding = 4; lastKnownFileType = sourcecode.c.objc; path = NSTableViewAdditions.m; sourceTree = "<group>"; };
		CE003CCD11242D2C004B0AA7 /* DirectoryOutline.h */ = {isa = PBXFileReference; fileEncoding = 4; lastKnownFileType = sourcecode.c.h; name = DirectoryOutline.h; path = ../base/DirectoryOutline.h; sourceTree = SOURCE_ROOT; };
		CE003CCE11242D2C004B0AA7 /* DirectoryOutline.m */ = {isa = PBXFileReference; fileEncoding = 4; lastKnownFileType = sourcecode.c.objc; name = DirectoryOutline.m; path = ../base/DirectoryOutline.m; sourceTree = SOURCE_ROOT; };
		CE003CCF11242D2C004B0AA7 /* PyDirectoryOutline.h */ = {isa = PBXFileReference; fileEncoding = 4; lastKnownFileType = sourcecode.c.h; name = PyDirectoryOutline.h; path = ../base/PyDirectoryOutline.h; sourceTree = SOURCE_ROOT; };
		CE05330E12E5D3ED0029EF25 /* en */ = {isa = PBXFileReference; lastKnownFileType = file.xib; name = en; path = ../base/en.lproj/DetailsPanel.xib; sourceTree = SOURCE_ROOT; };
		CE05331012E5D3ED0029EF25 /* en */ = {isa = PBXFileReference; lastKnownFileType = file.xib; name = en; path = ../base/en.lproj/DirectoryPanel.xib; sourceTree = SOURCE_ROOT; };
		CE05331212E5D3ED0029EF25 /* en */ = {isa = PBXFileReference; lastKnownFileType = file.xib; name = en; path = ../base/en.lproj/MainMenu.xib; sourceTree = SOURCE_ROOT; };
		CE05331412E5D3ED0029EF25 /* en */ = {isa = PBXFileReference; lastKnownFileType = file.xib; name = en; path = ../base/en.lproj/ProblemDialog.xib; sourceTree = SOURCE_ROOT; };
		CE05331612E5D3ED0029EF25 /* en */ = {isa = PBXFileReference; lastKnownFileType = file.xib; name = en; path = ../base/en.lproj/ResultWindow.xib; sourceTree = SOURCE_ROOT; };
		CE05331C12E5D4010029EF25 /* fr */ = {isa = PBXFileReference; lastKnownFileType = file.xib; name = fr; path = ../base/fr.lproj/DetailsPanel.xib; sourceTree = SOURCE_ROOT; };
		CE05331D12E5D4010029EF25 /* fr */ = {isa = PBXFileReference; lastKnownFileType = file.xib; name = fr; path = ../base/fr.lproj/DirectoryPanel.xib; sourceTree = SOURCE_ROOT; };
		CE05331E12E5D4010029EF25 /* fr */ = {isa = PBXFileReference; lastKnownFileType = file.xib; name = fr; path = ../base/fr.lproj/MainMenu.xib; sourceTree = SOURCE_ROOT; };
		CE05331F12E5D4010029EF25 /* fr */ = {isa = PBXFileReference; lastKnownFileType = file.xib; name = fr; path = ../base/fr.lproj/ProblemDialog.xib; sourceTree = SOURCE_ROOT; };
		CE05332012E5D4010029EF25 /* fr */ = {isa = PBXFileReference; lastKnownFileType = file.xib; name = fr; path = ../base/fr.lproj/ResultWindow.xib; sourceTree = SOURCE_ROOT; };
		CE05332212E5D4100029EF25 /* en */ = {isa = PBXFileReference; lastKnownFileType = file.xib; name = en; path = en.lproj/Preferences.xib; sourceTree = "<group>"; };
		CE05332912E5D4460029EF25 /* fr */ = {isa = PBXFileReference; lastKnownFileType = file.xib; name = fr; path = fr.lproj/Preferences.xib; sourceTree = "<group>"; };
		CE05332E12E5D6100029EF25 /* en */ = {isa = PBXFileReference; fileEncoding = 4; lastKnownFileType = text.plist.strings; name = en; path = ../base/en.lproj/Localizable.strings; sourceTree = SOURCE_ROOT; };
		CE05333312E5D6370029EF25 /* fr */ = {isa = PBXFileReference; lastKnownFileType = text.plist.strings; name = fr; path = ../base/fr.lproj/Localizable.strings; sourceTree = SOURCE_ROOT; };
		CE05347712E5DC420029EF25 /* fr */ = {isa = PBXFileReference; lastKnownFileType = file.xib; name = fr; path = ../../cocoalib/fr.lproj/FairwareReminder.xib; sourceTree = SOURCE_ROOT; };
		CE073F5409CAE1A3005C1D2F /* help */ = {isa = PBXFileReference; lastKnownFileType = folder; name = help; path = ../../build/help; sourceTree = "<group>"; };
		CE0A0BFE1175A1C000DCA3C6 /* HSTable.h */ = {isa = PBXFileReference; fileEncoding = 4; lastKnownFileType = sourcecode.c.h; path = HSTable.h; sourceTree = "<group>"; };
		CE0A0BFF1175A1C000DCA3C6 /* HSTable.m */ = {isa = PBXFileReference; fileEncoding = 4; lastKnownFileType = sourcecode.c.objc; path = HSTable.m; sourceTree = "<group>"; };
		CE0A0C011175A1DE00DCA3C6 /* ProblemDialog.h */ = {isa = PBXFileReference; fileEncoding = 4; lastKnownFileType = sourcecode.c.h; name = ProblemDialog.h; path = ../base/ProblemDialog.h; sourceTree = SOURCE_ROOT; };
		CE0A0C021175A1DE00DCA3C6 /* ProblemDialog.m */ = {isa = PBXFileReference; fileEncoding = 4; lastKnownFileType = sourcecode.c.objc; name = ProblemDialog.m; path = ../base/ProblemDialog.m; sourceTree = SOURCE_ROOT; };
		CE0A0C031175A1DE00DCA3C6 /* PyProblemDialog.h */ = {isa = PBXFileReference; fileEncoding = 4; lastKnownFileType = sourcecode.c.h; name = PyProblemDialog.h; path = ../base/PyProblemDialog.h; sourceTree = SOURCE_ROOT; };
		CE0A0C131175A28100DCA3C6 /* PyTable.h */ = {isa = PBXFileReference; fileEncoding = 4; lastKnownFileType = sourcecode.c.h; path = PyTable.h; sourceTree = "<group>"; };
		CE1425880AFB718500BD5167 /* Sparkle.framework */ = {isa = PBXFileReference; lastKnownFileType = wrapper.framework; name = Sparkle.framework; path = /Library/Frameworks/Sparkle.framework; sourceTree = "<absolute>"; };
		CE1EAA0812DF3E81009BA949 /* HSRecentFiles.h */ = {isa = PBXFileReference; fileEncoding = 4; lastKnownFileType = sourcecode.c.h; name = HSRecentFiles.h; path = ../../cocoalib/HSRecentFiles.h; sourceTree = SOURCE_ROOT; };
		CE1EAA0912DF3E81009BA949 /* HSRecentFiles.m */ = {isa = PBXFileReference; fileEncoding = 4; lastKnownFileType = sourcecode.c.objc; name = HSRecentFiles.m; path = ../../cocoalib/HSRecentFiles.m; sourceTree = SOURCE_ROOT; };
		CE2B2B591406ABDA0038D15A /* de */ = {isa = PBXFileReference; lastKnownFileType = text.plist.strings; name = de; path = ../base/de.lproj/core.strings; sourceTree = "<group>"; };
		CE2B2B5A1406ABDA0038D15A /* de */ = {isa = PBXFileReference; lastKnownFileType = text.plist.strings; name = de; path = ../base/de.lproj/Localizable.strings; sourceTree = "<group>"; };
		CE381C9409914ACE003581CE /* AppDelegate.m */ = {isa = PBXFileReference; fileEncoding = 5; lastKnownFileType = sourcecode.c.objc; path = AppDelegate.m; sourceTree = SOURCE_ROOT; };
		CE381C9509914ACE003581CE /* AppDelegate.h */ = {isa = PBXFileReference; fileEncoding = 5; lastKnownFileType = sourcecode.c.h; path = AppDelegate.h; sourceTree = SOURCE_ROOT; };
		CE381C9A09914ADF003581CE /* ResultWindow.m */ = {isa = PBXFileReference; fileEncoding = 5; lastKnownFileType = sourcecode.c.objc; path = ResultWindow.m; sourceTree = SOURCE_ROOT; };
		CE381C9B09914ADF003581CE /* ResultWindow.h */ = {isa = PBXFileReference; fileEncoding = 5; lastKnownFileType = sourcecode.c.h; path = ResultWindow.h; sourceTree = SOURCE_ROOT; };
		CE381CF509915304003581CE /* dg_cocoa.plugin */ = {isa = PBXFileReference; lastKnownFileType = folder; path = dg_cocoa.plugin; sourceTree = SOURCE_ROOT; };
		CE45274E12E5F62D00005A15 /* en */ = {isa = PBXFileReference; fileEncoding = 4; lastKnownFileType = text.plist.strings; name = en; path = ../base/en.lproj/core.strings; sourceTree = SOURCE_ROOT; };
		CE45275012E5F63900005A15 /* fr */ = {isa = PBXFileReference; lastKnownFileType = text.plist.strings; name = fr; path = ../base/fr.lproj/core.strings; sourceTree = SOURCE_ROOT; };
		CE4B59C61119919700C06C9E /* progress.xib */ = {isa = PBXFileReference; lastKnownFileType = file.xib; path = progress.xib; sourceTree = "<group>"; };
		CE4F934712CCA96C0067A3AE /* HSAboutBox.h */ = {isa = PBXFileReference; fileEncoding = 4; lastKnownFileType = sourcecode.c.h; name = HSAboutBox.h; path = ../../cocoalib/HSAboutBox.h; sourceTree = SOURCE_ROOT; };
		CE4F934812CCA96C0067A3AE /* HSAboutBox.m */ = {isa = PBXFileReference; fileEncoding = 4; lastKnownFileType = sourcecode.c.objc; name = HSAboutBox.m; path = ../../cocoalib/HSAboutBox.m; sourceTree = SOURCE_ROOT; };
		CE515DE00FC6C12E00EC695D /* Dialogs.h */ = {isa = PBXFileReference; fileEncoding = 4; lastKnownFileType = sourcecode.c.h; name = Dialogs.h; path = ../../cocoalib/Dialogs.h; sourceTree = SOURCE_ROOT; };
		CE515DE10FC6C12E00EC695D /* Dialogs.m */ = {isa = PBXFileReference; fileEncoding = 4; lastKnownFileType = sourcecode.c.objc; name = Dialogs.m; path = ../../cocoalib/Dialogs.m; sourceTree = SOURCE_ROOT; };
		CE515DE20FC6C12E00EC695D /* HSErrorReportWindow.h */ = {isa = PBXFileReference; fileEncoding = 4; lastKnownFileType = sourcecode.c.h; name = HSErrorReportWindow.h; path = ../../cocoalib/HSErrorReportWindow.h; sourceTree = SOURCE_ROOT; };
		CE515DE30FC6C12E00EC695D /* HSErrorReportWindow.m */ = {isa = PBXFileReference; fileEncoding = 4; lastKnownFileType = sourcecode.c.objc; name = HSErrorReportWindow.m; path = ../../cocoalib/HSErrorReportWindow.m; sourceTree = SOURCE_ROOT; };
		CE515DE60FC6C12E00EC695D /* ProgressController.h */ = {isa = PBXFileReference; fileEncoding = 4; lastKnownFileType = sourcecode.c.h; name = ProgressController.h; path = ../../cocoalib/ProgressController.h; sourceTree = SOURCE_ROOT; };
		CE515DE70FC6C12E00EC695D /* ProgressController.m */ = {isa = PBXFileReference; fileEncoding = 4; lastKnownFileType = sourcecode.c.objc; name = ProgressController.m; path = ../../cocoalib/ProgressController.m; sourceTree = SOURCE_ROOT; };
		CE515DE80FC6C12E00EC695D /* PyApp.h */ = {isa = PBXFileReference; fileEncoding = 4; lastKnownFileType = sourcecode.c.h; name = PyApp.h; path = ../../cocoalib/PyApp.h; sourceTree = SOURCE_ROOT; };
		CE515DEF0FC6C12E00EC695D /* Utils.h */ = {isa = PBXFileReference; fileEncoding = 4; lastKnownFileType = sourcecode.c.h; name = Utils.h; path = ../../cocoalib/Utils.h; sourceTree = SOURCE_ROOT; };
		CE515DF00FC6C12E00EC695D /* Utils.m */ = {isa = PBXFileReference; fileEncoding = 4; lastKnownFileType = sourcecode.c.objc; name = Utils.m; path = ../../cocoalib/Utils.m; sourceTree = SOURCE_ROOT; };
		CE515DF10FC6C12E00EC695D /* ValueTransformers.h */ = {isa = PBXFileReference; fileEncoding = 4; lastKnownFileType = sourcecode.c.h; name = ValueTransformers.h; path = ../../cocoalib/ValueTransformers.h; sourceTree = SOURCE_ROOT; };
		CE515DF20FC6C12E00EC695D /* ValueTransformers.m */ = {isa = PBXFileReference; fileEncoding = 4; lastKnownFileType = sourcecode.c.objc; name = ValueTransformers.m; path = ../../cocoalib/ValueTransformers.m; sourceTree = SOURCE_ROOT; };
		CE515E150FC6C19300EC695D /* AppDelegate.h */ = {isa = PBXFileReference; fileEncoding = 4; lastKnownFileType = sourcecode.c.h; name = AppDelegate.h; path = ../base/AppDelegate.h; sourceTree = SOURCE_ROOT; };
		CE515E160FC6C19300EC695D /* AppDelegate.m */ = {isa = PBXFileReference; fileEncoding = 4; lastKnownFileType = sourcecode.c.objc; name = AppDelegate.m; path = ../base/AppDelegate.m; sourceTree = SOURCE_ROOT; };
		CE515E170FC6C19300EC695D /* Consts.h */ = {isa = PBXFileReference; fileEncoding = 4; lastKnownFileType = sourcecode.c.h; name = Consts.h; path = ../base/Consts.h; sourceTree = SOURCE_ROOT; };
		CE515E180FC6C19300EC695D /* DirectoryPanel.h */ = {isa = PBXFileReference; fileEncoding = 4; lastKnownFileType = sourcecode.c.h; name = DirectoryPanel.h; path = ../base/DirectoryPanel.h; sourceTree = SOURCE_ROOT; };
		CE515E190FC6C19300EC695D /* DirectoryPanel.m */ = {isa = PBXFileReference; fileEncoding = 4; lastKnownFileType = sourcecode.c.objc; name = DirectoryPanel.m; path = ../base/DirectoryPanel.m; sourceTree = SOURCE_ROOT; };
		CE515E1A0FC6C19300EC695D /* PyDupeGuru.h */ = {isa = PBXFileReference; fileEncoding = 4; lastKnownFileType = sourcecode.c.h; name = PyDupeGuru.h; path = ../base/PyDupeGuru.h; sourceTree = SOURCE_ROOT; };
		CE515E1B0FC6C19300EC695D /* ResultWindow.h */ = {isa = PBXFileReference; fileEncoding = 4; lastKnownFileType = sourcecode.c.h; name = ResultWindow.h; path = ../base/ResultWindow.h; sourceTree = SOURCE_ROOT; };
		CE515E1C0FC6C19300EC695D /* ResultWindow.m */ = {isa = PBXFileReference; fileEncoding = 4; lastKnownFileType = sourcecode.c.objc; name = ResultWindow.m; path = ../base/ResultWindow.m; sourceTree = SOURCE_ROOT; };
		CE578301124DFC660004769C /* HSTableView.h */ = {isa = PBXFileReference; fileEncoding = 4; lastKnownFileType = sourcecode.c.h; name = HSTableView.h; path = ../../cocoalib/views/HSTableView.h; sourceTree = SOURCE_ROOT; };
		CE578302124DFC660004769C /* HSTableView.m */ = {isa = PBXFileReference; fileEncoding = 4; lastKnownFileType = sourcecode.c.objc; name = HSTableView.m; path = ../../cocoalib/views/HSTableView.m; sourceTree = SOURCE_ROOT; };
		CE6032BE0FE6784C007E33FF /* DetailsPanel.h */ = {isa = PBXFileReference; fileEncoding = 4; lastKnownFileType = sourcecode.c.h; name = DetailsPanel.h; path = ../base/DetailsPanel.h; sourceTree = SOURCE_ROOT; };
		CE6032BF0FE6784C007E33FF /* DetailsPanel.m */ = {isa = PBXFileReference; fileEncoding = 4; lastKnownFileType = sourcecode.c.objc; name = DetailsPanel.m; path = ../base/DetailsPanel.m; sourceTree = SOURCE_ROOT; };
		CE68EE6509ABC48000971085 /* DirectoryPanel.h */ = {isa = PBXFileReference; fileEncoding = 5; lastKnownFileType = sourcecode.c.h; path = DirectoryPanel.h; sourceTree = SOURCE_ROOT; };
		CE68EE6609ABC48000971085 /* DirectoryPanel.m */ = {isa = PBXFileReference; fileEncoding = 5; lastKnownFileType = sourcecode.c.objc; path = DirectoryPanel.m; sourceTree = SOURCE_ROOT; };
		CE6E0E9E1054EB97008D9390 /* dsa_pub.pem */ = {isa = PBXFileReference; fileEncoding = 4; lastKnownFileType = text; name = dsa_pub.pem; path = ../base/dsa_pub.pem; sourceTree = "<group>"; };
		CE74A12112537F06008A8DF0 /* HSFairwareReminder.h */ = {isa = PBXFileReference; fileEncoding = 4; lastKnownFileType = sourcecode.c.h; name = HSFairwareReminder.h; path = ../../cocoalib/HSFairwareReminder.h; sourceTree = SOURCE_ROOT; };
		CE74A12212537F06008A8DF0 /* HSFairwareReminder.m */ = {isa = PBXFileReference; fileEncoding = 4; lastKnownFileType = sourcecode.c.objc; name = HSFairwareReminder.m; path = ../../cocoalib/HSFairwareReminder.m; sourceTree = SOURCE_ROOT; };
		CE74A12312537F06008A8DF0 /* PyFairware.h */ = {isa = PBXFileReference; fileEncoding = 4; lastKnownFileType = sourcecode.c.h; name = PyFairware.h; path = ../../cocoalib/PyFairware.h; sourceTree = SOURCE_ROOT; };
		CE74A12612537F2E008A8DF0 /* en */ = {isa = PBXFileReference; lastKnownFileType = file.xib; name = en; path = ../../cocoalib/en.lproj/FairwareReminder.xib; sourceTree = SOURCE_ROOT; };
		CE848A1809DD85810004CB44 /* Consts.h */ = {isa = PBXFileReference; fileEncoding = 4; lastKnownFileType = sourcecode.c.h; path = Consts.h; sourceTree = "<group>"; };
		CE84C9AC1423ADFB0050A6AD /* PrioritizeDialog.h */ = {isa = PBXFileReference; fileEncoding = 4; lastKnownFileType = sourcecode.c.h; name = PrioritizeDialog.h; path = ../base/PrioritizeDialog.h; sourceTree = "<group>"; };
		CE84C9AD1423ADFB0050A6AD /* PrioritizeDialog.m */ = {isa = PBXFileReference; fileEncoding = 4; lastKnownFileType = sourcecode.c.objc; name = PrioritizeDialog.m; path = ../base/PrioritizeDialog.m; sourceTree = "<group>"; };
		CE84C9AE1423ADFB0050A6AD /* PrioritizeList.h */ = {isa = PBXFileReference; fileEncoding = 4; lastKnownFileType = sourcecode.c.h; name = PrioritizeList.h; path = ../base/PrioritizeList.h; sourceTree = "<group>"; };
		CE84C9AF1423ADFB0050A6AD /* PrioritizeList.m */ = {isa = PBXFileReference; fileEncoding = 4; lastKnownFileType = sourcecode.c.objc; name = PrioritizeList.m; path = ../base/PrioritizeList.m; sourceTree = "<group>"; };
		CE84C9B01423ADFB0050A6AD /* PyPrioritizeDialog.h */ = {isa = PBXFileReference; fileEncoding = 4; lastKnownFileType = sourcecode.c.h; name = PyPrioritizeDialog.h; path = ../base/PyPrioritizeDialog.h; sourceTree = "<group>"; };
		CE84C9B11423ADFB0050A6AD /* PyPrioritizeList.h */ = {isa = PBXFileReference; fileEncoding = 4; lastKnownFileType = sourcecode.c.h; name = PyPrioritizeList.h; path = ../base/PyPrioritizeList.h; sourceTree = "<group>"; };
		CE84C9B41423AE2A0050A6AD /* PySelectableList.h */ = {isa = PBXFileReference; fileEncoding = 4; lastKnownFileType = sourcecode.c.h; path = PySelectableList.h; sourceTree = "<group>"; };
		CE84C9B51423AE410050A6AD /* HSPopUpList.h */ = {isa = PBXFileReference; fileEncoding = 4; lastKnownFileType = sourcecode.c.h; path = HSPopUpList.h; sourceTree = "<group>"; };
		CE84C9B61423AE410050A6AD /* HSPopUpList.m */ = {isa = PBXFileReference; fileEncoding = 4; lastKnownFileType = sourcecode.c.objc; path = HSPopUpList.m; sourceTree = "<group>"; };
		CE84C9B71423AE410050A6AD /* HSSelectableList.h */ = {isa = PBXFileReference; fileEncoding = 4; lastKnownFileType = sourcecode.c.h; path = HSSelectableList.h; sourceTree = "<group>"; };
		CE84C9B81423AE410050A6AD /* HSSelectableList.m */ = {isa = PBXFileReference; fileEncoding = 4; lastKnownFileType = sourcecode.c.objc; path = HSSelectableList.m; sourceTree = "<group>"; };
		CE84C9BC1423AF200050A6AD /* en */ = {isa = PBXFileReference; lastKnownFileType = file.xib; name = en; path = ../base/en.lproj/PrioritizeDialog.xib; sourceTree = "<group>"; };
		CEB14D26124DFC2800FA7481 /* PyResultTable.h */ = {isa = PBXFileReference; fileEncoding = 4; lastKnownFileType = sourcecode.c.h; name = PyResultTable.h; path = ../base/PyResultTable.h; sourceTree = SOURCE_ROOT; };
		CEB14D27124DFC2800FA7481 /* ResultTable.h */ = {isa = PBXFileReference; fileEncoding = 4; lastKnownFileType = sourcecode.c.h; name = ResultTable.h; path = ../base/ResultTable.h; sourceTree = SOURCE_ROOT; };
		CEB14D28124DFC2800FA7481 /* ResultTable.m */ = {isa = PBXFileReference; fileEncoding = 4; lastKnownFileType = sourcecode.c.objc; name = ResultTable.m; path = ../base/ResultTable.m; sourceTree = SOURCE_ROOT; };
		CEB5E07513225C89009F521D /* ExtraFairwareReminder.h */ = {isa = PBXFileReference; fileEncoding = 4; lastKnownFileType = sourcecode.c.h; name = ExtraFairwareReminder.h; path = ../base/ExtraFairwareReminder.h; sourceTree = SOURCE_ROOT; };
		CEB5E07613225C89009F521D /* ExtraFairwareReminder.m */ = {isa = PBXFileReference; fileEncoding = 4; lastKnownFileType = sourcecode.c.objc; name = ExtraFairwareReminder.m; path = ../base/ExtraFairwareReminder.m; sourceTree = SOURCE_ROOT; };
		CEB5E07713225C89009F521D /* PyExtraFairwareReminder.h */ = {isa = PBXFileReference; fileEncoding = 4; lastKnownFileType = sourcecode.c.h; name = PyExtraFairwareReminder.h; path = ../base/PyExtraFairwareReminder.h; sourceTree = SOURCE_ROOT; };
		CEB5E07C13225CA2009F521D /* en */ = {isa = PBXFileReference; lastKnownFileType = file.xib; name = en; path = ../base/en.lproj/ExtraFairwareReminder.xib; sourceTree = SOURCE_ROOT; };
		CEB5E07E13225CB8009F521D /* fr */ = {isa = PBXFileReference; lastKnownFileType = file.xib; name = fr; path = ../base/fr.lproj/ExtraFairwareReminder.xib; sourceTree = SOURCE_ROOT; };
		CEC481EE1423FBC600034F91 /* de */ = {isa = PBXFileReference; lastKnownFileType = text.plist.strings; name = de; path = ../base/de.lproj/columns.strings; sourceTree = "<group>"; };
		CEC481EF1423FBC600034F91 /* en */ = {isa = PBXFileReference; lastKnownFileType = text.plist.strings; name = en; path = ../base/en.lproj/columns.strings; sourceTree = "<group>"; };
		CEC481F01423FBC600034F91 /* fr */ = {isa = PBXFileReference; lastKnownFileType = text.plist.strings; name = fr; path = ../base/fr.lproj/columns.strings; sourceTree = "<group>"; };
		CEC481F11423FBC600034F91 /* zh_CN */ = {isa = PBXFileReference; lastKnownFileType = text.plist.strings; name = zh_CN; path = ../base/zh_CN.lproj/columns.strings; sourceTree = "<group>"; };
		CEC8F3091416A0D2004D28F3 /* zh_CN */ = {isa = PBXFileReference; lastKnownFileType = file.xib; name = zh_CN; path = ../zh_CN.lproj/about.xib; sourceTree = "<group>"; };
		CEC8F30A1416A0D2004D28F3 /* zh_CN */ = {isa = PBXFileReference; lastKnownFileType = file.xib; name = zh_CN; path = ../zh_CN.lproj/ErrorReportWindow.xib; sourceTree = "<group>"; };
		CEC8F30B1416A0D2004D28F3 /* zh_CN */ = {isa = PBXFileReference; lastKnownFileType = file.xib; name = zh_CN; path = ../zh_CN.lproj/FairwareReminder.xib; sourceTree = "<group>"; };
		CEC8F3101416A0F0004D28F3 /* zh_CN */ = {isa = PBXFileReference; lastKnownFileType = text.plist.strings; name = zh_CN; path = ../base/zh_CN.lproj/core.strings; sourceTree = "<group>"; };
		CEC8F3111416A0F0004D28F3 /* zh_CN */ = {isa = PBXFileReference; lastKnownFileType = text.plist.strings; name = zh_CN; path = ../base/zh_CN.lproj/Localizable.strings; sourceTree = "<group>"; };
		CEC8F3141416A0FC004D28F3 /* zh_CN */ = {isa = PBXFileReference; lastKnownFileType = file.xib; name = zh_CN; path = ../base/zh_CN.lproj/DetailsPanel.xib; sourceTree = "<group>"; };
		CEC8F3151416A0FC004D28F3 /* zh_CN */ = {isa = PBXFileReference; lastKnownFileType = file.xib; name = zh_CN; path = ../base/zh_CN.lproj/DirectoryPanel.xib; sourceTree = "<group>"; };
		CEC8F3161416A0FC004D28F3 /* zh_CN */ = {isa = PBXFileReference; lastKnownFileType = file.xib; name = zh_CN; path = ../base/zh_CN.lproj/ExtraFairwareReminder.xib; sourceTree = "<group>"; };
		CEC8F3171416A0FC004D28F3 /* zh_CN */ = {isa = PBXFileReference; lastKnownFileType = file.xib; name = zh_CN; path = ../base/zh_CN.lproj/MainMenu.xib; sourceTree = "<group>"; };
		CEC8F3181416A0FC004D28F3 /* zh_CN */ = {isa = PBXFileReference; lastKnownFileType = file.xib; name = zh_CN; path = ../base/zh_CN.lproj/ProblemDialog.xib; sourceTree = "<group>"; };
		CEC8F3191416A0FC004D28F3 /* zh_CN */ = {isa = PBXFileReference; lastKnownFileType = file.xib; name = zh_CN; path = ../base/zh_CN.lproj/ResultWindow.xib; sourceTree = "<group>"; };
		CEC8F3201416A109004D28F3 /* zh_CN */ = {isa = PBXFileReference; lastKnownFileType = file.xib; name = zh_CN; path = zh_CN.lproj/Preferences.xib; sourceTree = "<group>"; };
		CECE37A31423EA980005187F /* de */ = {isa = PBXFileReference; lastKnownFileType = file.xib; name = de; path = ../base/de.lproj/PrioritizeDialog.xib; sourceTree = "<group>"; };
		CECE37A41423EA980005187F /* fr */ = {isa = PBXFileReference; lastKnownFileType = file.xib; name = fr; path = ../base/fr.lproj/PrioritizeDialog.xib; sourceTree = "<group>"; };
		CECE37A51423EA980005187F /* zh_CN */ = {isa = PBXFileReference; lastKnownFileType = file.xib; name = zh_CN; path = ../base/zh_CN.lproj/PrioritizeDialog.xib; sourceTree = "<group>"; };
		CED0A591111C9FD10020AD7D /* PyDetailsPanel.h */ = {isa = PBXFileReference; fileEncoding = 4; lastKnownFileType = sourcecode.c.h; name = PyDetailsPanel.h; path = ../base/PyDetailsPanel.h; sourceTree = SOURCE_ROOT; };
		CEDF07A0112493B200EE5BC0 /* PyStatsLabel.h */ = {isa = PBXFileReference; fileEncoding = 4; lastKnownFileType = sourcecode.c.h; name = PyStatsLabel.h; path = ../base/PyStatsLabel.h; sourceTree = SOURCE_ROOT; };
		CEDF07A1112493B200EE5BC0 /* StatsLabel.h */ = {isa = PBXFileReference; fileEncoding = 4; lastKnownFileType = sourcecode.c.h; name = StatsLabel.h; path = ../base/StatsLabel.h; sourceTree = SOURCE_ROOT; };
		CEDF07A2112493B200EE5BC0 /* StatsLabel.m */ = {isa = PBXFileReference; fileEncoding = 4; lastKnownFileType = sourcecode.c.objc; name = StatsLabel.m; path = ../base/StatsLabel.m; sourceTree = SOURCE_ROOT; };
		CEEB135109C837A2004D2330 /* dupeguru.icns */ = {isa = PBXFileReference; lastKnownFileType = image.icns; path = dupeguru.icns; sourceTree = "<group>"; };
		CEF3185613D8660000B8CDCA /* en */ = {isa = PBXFileReference; lastKnownFileType = file.xib; name = en; path = ../en.lproj/about.xib; sourceTree = "<group>"; };
		CEF3185813D8660000B8CDCA /* en */ = {isa = PBXFileReference; lastKnownFileType = file.xib; name = en; path = ../en.lproj/ErrorReportWindow.xib; sourceTree = "<group>"; };
		CEF3185B13D8660900B8CDCA /* fr */ = {isa = PBXFileReference; lastKnownFileType = file.xib; name = fr; path = ../fr.lproj/about.xib; sourceTree = "<group>"; };
		CEF3185C13D8660900B8CDCA /* fr */ = {isa = PBXFileReference; lastKnownFileType = file.xib; name = fr; path = ../fr.lproj/ErrorReportWindow.xib; sourceTree = "<group>"; };
		CEF3185F13D8661300B8CDCA /* de */ = {isa = PBXFileReference; lastKnownFileType = file.xib; name = de; path = ../de.lproj/about.xib; sourceTree = "<group>"; };
		CEF3186013D8661300B8CDCA /* de */ = {isa = PBXFileReference; lastKnownFileType = file.xib; name = de; path = ../de.lproj/ErrorReportWindow.xib; sourceTree = "<group>"; };
		CEF3186113D8661300B8CDCA /* de */ = {isa = PBXFileReference; lastKnownFileType = file.xib; name = de; path = ../de.lproj/FairwareReminder.xib; sourceTree = "<group>"; };
		CEF5770713CDFB250083CB30 /* de */ = {isa = PBXFileReference; lastKnownFileType = file.xib; name = de; path = ../base/de.lproj/DetailsPanel.xib; sourceTree = SOURCE_ROOT; };
		CEF5770813CDFB250083CB30 /* de */ = {isa = PBXFileReference; lastKnownFileType = file.xib; name = de; path = ../base/de.lproj/DirectoryPanel.xib; sourceTree = SOURCE_ROOT; };
		CEF5770913CDFB250083CB30 /* de */ = {isa = PBXFileReference; lastKnownFileType = file.xib; name = de; path = ../base/de.lproj/ExtraFairwareReminder.xib; sourceTree = SOURCE_ROOT; };
		CEF5770A13CDFB250083CB30 /* de */ = {isa = PBXFileReference; lastKnownFileType = file.xib; name = de; path = ../base/de.lproj/MainMenu.xib; sourceTree = SOURCE_ROOT; };
		CEF5770B13CDFB250083CB30 /* de */ = {isa = PBXFileReference; lastKnownFileType = file.xib; name = de; path = ../base/de.lproj/ProblemDialog.xib; sourceTree = SOURCE_ROOT; };
		CEF5770C13CDFB250083CB30 /* de */ = {isa = PBXFileReference; lastKnownFileType = file.xib; name = de; path = ../base/de.lproj/ResultWindow.xib; sourceTree = SOURCE_ROOT; };
		CEF5770D13CDFB310083CB30 /* de */ = {isa = PBXFileReference; lastKnownFileType = file.xib; name = de; path = de.lproj/Preferences.xib; sourceTree = "<group>"; };
		CEFC294509C89E3D00D9F998 /* folder32.png */ = {isa = PBXFileReference; lastKnownFileType = image.png; name = folder32.png; path = ../../images/folder32.png; sourceTree = SOURCE_ROOT; };
		CEFF18A009A4D387005E6321 /* PyDupeGuru.h */ = {isa = PBXFileReference; fileEncoding = 5; lastKnownFileType = sourcecode.c.h; path = PyDupeGuru.h; sourceTree = SOURCE_ROOT; };
/* End PBXFileReference section */

/* Begin PBXFrameworksBuildPhase section */
		8D11072E0486CEB800E47090 /* Frameworks */ = {
			isa = PBXFrameworksBuildPhase;
			buildActionMask = 2147483647;
			files = (
				8D11072F0486CEB800E47090 /* Cocoa.framework in Frameworks */,
				CE1425890AFB718500BD5167 /* Sparkle.framework in Frameworks */,
			);
			runOnlyForDeploymentPostprocessing = 0;
		};
/* End PBXFrameworksBuildPhase section */

/* Begin PBXGroup section */
		080E96DDFE201D6D7F000001 /* DGME */ = {
			isa = PBXGroup;
			children = (
				29B97316FDCFA39411CA2CEA /* main.m */,
				CE381C9509914ACE003581CE /* AppDelegate.h */,
				CE381C9409914ACE003581CE /* AppDelegate.m */,
				CE848A1809DD85810004CB44 /* Consts.h */,
				CE68EE6509ABC48000971085 /* DirectoryPanel.h */,
				CE68EE6609ABC48000971085 /* DirectoryPanel.m */,
				CEFF18A009A4D387005E6321 /* PyDupeGuru.h */,
				CE381C9B09914ADF003581CE /* ResultWindow.h */,
				CE381C9A09914ADF003581CE /* ResultWindow.m */,
			);
			name = DGME;
			sourceTree = "<group>";
		};
		1058C7A0FEA54F0111CA2CBB /* Linked Frameworks */ = {
			isa = PBXGroup;
			children = (
				CE1425880AFB718500BD5167 /* Sparkle.framework */,
				1058C7A1FEA54F0111CA2CBB /* Cocoa.framework */,
			);
			name = "Linked Frameworks";
			sourceTree = "<group>";
		};
		1058C7A2FEA54F0111CA2CBB /* Other Frameworks */ = {
			isa = PBXGroup;
			children = (
				29B97324FDCFA39411CA2CEA /* AppKit.framework */,
				13E42FB307B3F0F600E4EEF1 /* CoreData.framework */,
				29B97325FDCFA39411CA2CEA /* Foundation.framework */,
			);
			name = "Other Frameworks";
			sourceTree = "<group>";
		};
		19C28FACFE9D520D11CA2CBB /* Products */ = {
			isa = PBXGroup;
			children = (
				8D1107320486CEB800E47090 /* dupeGuru ME.app */,
			);
			name = Products;
			sourceTree = "<group>";
		};
		29B97314FDCFA39411CA2CEA /* dupeguru */ = {
			isa = PBXGroup;
			children = (
				080E96DDFE201D6D7F000001 /* DGME */,
				CE515E140FC6C17900EC695D /* dgbase */,
				CE515DDD0FC6C09400EC695D /* cocoalib */,
				29B97317FDCFA39411CA2CEA /* Resources */,
				29B97323FDCFA39411CA2CEA /* Frameworks */,
				19C28FACFE9D520D11CA2CBB /* Products */,
			);
			name = dupeguru;
			sourceTree = "<group>";
		};
		29B97317FDCFA39411CA2CEA /* Resources */ = {
			isa = PBXGroup;
			children = (
				CE073F5409CAE1A3005C1D2F /* help */,
				CE381CF509915304003581CE /* dg_cocoa.plugin */,
				CEFC294309C89E0000D9F998 /* images */,
				CE05330C12E5D3D70029EF25 /* xib */,
				CEEB135109C837A2004D2330 /* dupeguru.icns */,
				CE05332D12E5D6100029EF25 /* Localizable.strings */,
				CEC481ED1423FBC600034F91 /* columns.strings */,
				CE45274D12E5F62D00005A15 /* core.strings */,
				8D1107310486CEB800E47090 /* Info.plist */,
				CE6E0E9E1054EB97008D9390 /* dsa_pub.pem */,
			);
			name = Resources;
			sourceTree = "<group>";
		};
		29B97323FDCFA39411CA2CEA /* Frameworks */ = {
			isa = PBXGroup;
			children = (
				1058C7A0FEA54F0111CA2CBB /* Linked Frameworks */,
				1058C7A2FEA54F0111CA2CBB /* Other Frameworks */,
			);
			name = Frameworks;
			sourceTree = "<group>";
		};
		CE003CB211242D00004B0AA7 /* controllers */ = {
			isa = PBXGroup;
			children = (
				CE003CB311242D00004B0AA7 /* HSGUIController.h */,
				CE003CB411242D00004B0AA7 /* HSGUIController.m */,
				CE003CB511242D00004B0AA7 /* HSOutline.h */,
				CE003CB611242D00004B0AA7 /* HSOutline.m */,
				CE0A0BFE1175A1C000DCA3C6 /* HSTable.h */,
				CE0A0BFF1175A1C000DCA3C6 /* HSTable.m */,
				CE003CB711242D00004B0AA7 /* HSWindowController.h */,
				CE003CB811242D00004B0AA7 /* HSWindowController.m */,
				CE84C9B51423AE410050A6AD /* HSPopUpList.h */,
				CE84C9B61423AE410050A6AD /* HSPopUpList.m */,
				CE84C9B71423AE410050A6AD /* HSSelectableList.h */,
				CE84C9B81423AE410050A6AD /* HSSelectableList.m */,
			);
			name = controllers;
			path = ../../cocoalib/controllers;
			sourceTree = SOURCE_ROOT;
		};
		CE003CBB11242D00004B0AA7 /* proxies */ = {
			isa = PBXGroup;
			children = (
				CE003CBC11242D00004B0AA7 /* PyGUI.h */,
				CE003CBD11242D00004B0AA7 /* PyOutline.h */,
				CE0A0C131175A28100DCA3C6 /* PyTable.h */,
				CE84C9B41423AE2A0050A6AD /* PySelectableList.h */,
			);
			name = proxies;
			path = ../../cocoalib/proxies;
			sourceTree = SOURCE_ROOT;
		};
		CE003CBF11242D00004B0AA7 /* views */ = {
			isa = PBXGroup;
			children = (
				CE578301124DFC660004769C /* HSTableView.h */,
				CE578302124DFC660004769C /* HSTableView.m */,
				CE003CC011242D00004B0AA7 /* HSOutlineView.h */,
				CE003CC111242D00004B0AA7 /* HSOutlineView.m */,
				CE003CC211242D00004B0AA7 /* NSIndexPathAdditions.h */,
				CE003CC311242D00004B0AA7 /* NSIndexPathAdditions.m */,
				CE003CC411242D00004B0AA7 /* NSTableViewAdditions.h */,
				CE003CC511242D00004B0AA7 /* NSTableViewAdditions.m */,
			);
			name = views;
			path = ../../cocoalib/views;
			sourceTree = SOURCE_ROOT;
		};
		CE05330C12E5D3D70029EF25 /* xib */ = {
			isa = PBXGroup;
			children = (
				CE05330D12E5D3ED0029EF25 /* DetailsPanel.xib */,
				CE05330F12E5D3ED0029EF25 /* DirectoryPanel.xib */,
				CE05331112E5D3ED0029EF25 /* MainMenu.xib */,
				CE05331312E5D3ED0029EF25 /* ProblemDialog.xib */,
				CE05331512E5D3ED0029EF25 /* ResultWindow.xib */,
				CE05332112E5D4100029EF25 /* Preferences.xib */,
				CEB5E07B13225CA2009F521D /* ExtraFairwareReminder.xib */,
				CE84C9BB1423AF200050A6AD /* PrioritizeDialog.xib */,
			);
			name = xib;
			sourceTree = "<group>";
		};
		CE4B59C41119919700C06C9E /* xib */ = {
			isa = PBXGroup;
			children = (
				CEF3185513D8660000B8CDCA /* about.xib */,
				CEF3185713D8660000B8CDCA /* ErrorReportWindow.xib */,
				CE74A12512537F2E008A8DF0 /* FairwareReminder.xib */,
				CE4B59C61119919700C06C9E /* progress.xib */,
			);
			name = xib;
			path = ../../cocoalib/xib;
			sourceTree = SOURCE_ROOT;
		};
		CE515DDD0FC6C09400EC695D /* cocoalib */ = {
			isa = PBXGroup;
			children = (
				CE003CB211242D00004B0AA7 /* controllers */,
				CE003CBB11242D00004B0AA7 /* proxies */,
				CE003CBF11242D00004B0AA7 /* views */,
				CE4B59C41119919700C06C9E /* xib */,
				CE515DE00FC6C12E00EC695D /* Dialogs.h */,
				CE515DE10FC6C12E00EC695D /* Dialogs.m */,
				CE515DE20FC6C12E00EC695D /* HSErrorReportWindow.h */,
				CE515DE30FC6C12E00EC695D /* HSErrorReportWindow.m */,
				CE74A12112537F06008A8DF0 /* HSFairwareReminder.h */,
				CE74A12212537F06008A8DF0 /* HSFairwareReminder.m */,
				CE74A12312537F06008A8DF0 /* PyFairware.h */,
				CE4F934712CCA96C0067A3AE /* HSAboutBox.h */,
				CE4F934812CCA96C0067A3AE /* HSAboutBox.m */,
				CE1EAA0812DF3E81009BA949 /* HSRecentFiles.h */,
				CE1EAA0912DF3E81009BA949 /* HSRecentFiles.m */,
				CE003CB911242D00004B0AA7 /* NSEventAdditions.h */,
				CE003CBA11242D00004B0AA7 /* NSEventAdditions.m */,
				CE515DE60FC6C12E00EC695D /* ProgressController.h */,
				CE515DE70FC6C12E00EC695D /* ProgressController.m */,
				CE515DE80FC6C12E00EC695D /* PyApp.h */,
				CE515DEF0FC6C12E00EC695D /* Utils.h */,
				CE515DF00FC6C12E00EC695D /* Utils.m */,
				CE515DF10FC6C12E00EC695D /* ValueTransformers.h */,
				CE515DF20FC6C12E00EC695D /* ValueTransformers.m */,
			);
			name = cocoalib;
			sourceTree = "<group>";
		};
		CE515E140FC6C17900EC695D /* dgbase */ = {
			isa = PBXGroup;
			children = (
				CEB14D27124DFC2800FA7481 /* ResultTable.h */,
				CEB14D28124DFC2800FA7481 /* ResultTable.m */,
				CEB14D26124DFC2800FA7481 /* PyResultTable.h */,
				CE003CCD11242D2C004B0AA7 /* DirectoryOutline.h */,
				CE003CCE11242D2C004B0AA7 /* DirectoryOutline.m */,
				CE003CCF11242D2C004B0AA7 /* PyDirectoryOutline.h */,
				CE515E150FC6C19300EC695D /* AppDelegate.h */,
				CE515E160FC6C19300EC695D /* AppDelegate.m */,
				CE515E1A0FC6C19300EC695D /* PyDupeGuru.h */,
				CE515E170FC6C19300EC695D /* Consts.h */,
				CE6032BE0FE6784C007E33FF /* DetailsPanel.h */,
				CE6032BF0FE6784C007E33FF /* DetailsPanel.m */,
				CED0A591111C9FD10020AD7D /* PyDetailsPanel.h */,
				CE515E180FC6C19300EC695D /* DirectoryPanel.h */,
				CE515E190FC6C19300EC695D /* DirectoryPanel.m */,
				CE0A0C011175A1DE00DCA3C6 /* ProblemDialog.h */,
				CE0A0C021175A1DE00DCA3C6 /* ProblemDialog.m */,
				CE0A0C031175A1DE00DCA3C6 /* PyProblemDialog.h */,
				CE515E1B0FC6C19300EC695D /* ResultWindow.h */,
				CE515E1C0FC6C19300EC695D /* ResultWindow.m */,
				CEDF07A1112493B200EE5BC0 /* StatsLabel.h */,
				CEDF07A2112493B200EE5BC0 /* StatsLabel.m */,
				CEDF07A0112493B200EE5BC0 /* PyStatsLabel.h */,
				CEB5E07513225C89009F521D /* ExtraFairwareReminder.h */,
				CEB5E07613225C89009F521D /* ExtraFairwareReminder.m */,
				CEB5E07713225C89009F521D /* PyExtraFairwareReminder.h */,
				CE84C9AC1423ADFB0050A6AD /* PrioritizeDialog.h */,
				CE84C9AD1423ADFB0050A6AD /* PrioritizeDialog.m */,
				CE84C9B01423ADFB0050A6AD /* PyPrioritizeDialog.h */,
				CE84C9AE1423ADFB0050A6AD /* PrioritizeList.h */,
				CE84C9AF1423ADFB0050A6AD /* PrioritizeList.m */,
				CE84C9B11423ADFB0050A6AD /* PyPrioritizeList.h */,
			);
			name = dgbase;
			sourceTree = "<group>";
		};
		CEFC294309C89E0000D9F998 /* images */ = {
			isa = PBXGroup;
			children = (
				CEFC294509C89E3D00D9F998 /* folder32.png */,
			);
			name = images;
			sourceTree = "<group>";
		};
/* End PBXGroup section */

/* Begin PBXNativeTarget section */
		8D1107260486CEB800E47090 /* dupeguru */ = {
			isa = PBXNativeTarget;
			buildConfigurationList = C01FCF4A08A954540054247B /* Build configuration list for PBXNativeTarget "dupeguru" */;
			buildPhases = (
				8D1107290486CEB800E47090 /* Resources */,
				8D11072C0486CEB800E47090 /* Sources */,
				8D11072E0486CEB800E47090 /* Frameworks */,
				CECC02B709A36E8200CC0A94 /* CopyFiles */,
				CE6B288A0AFB7FC900508D93 /* AppleScript */,
			);
			buildRules = (
			);
			dependencies = (
			);
			name = dupeguru;
			productInstallPath = "$(HOME)/Applications";
			productName = dupeguru;
			productReference = 8D1107320486CEB800E47090 /* dupeGuru ME.app */;
			productType = "com.apple.product-type.application";
		};
/* End PBXNativeTarget section */

/* Begin PBXProject section */
		29B97313FDCFA39411CA2CEA /* Project object */ = {
			isa = PBXProject;
			attributes = {
				LastUpgradeCheck = 0410;
			};
			buildConfigurationList = C01FCF4E08A954540054247B /* Build configuration list for PBXProject "dupeguru" */;
			compatibilityVersion = "Xcode 3.2";
			developmentRegion = English;
			hasScannedForEncodings = 1;
			knownRegions = (
				English,
				Japanese,
				French,
				German,
				en,
				fr,
				de,
				zh_CN,
			);
			mainGroup = 29B97314FDCFA39411CA2CEA /* dupeguru */;
			projectDirPath = "";
			projectRoot = "";
			targets = (
				8D1107260486CEB800E47090 /* dupeguru */,
			);
		};
/* End PBXProject section */

/* Begin PBXResourcesBuildPhase section */
		8D1107290486CEB800E47090 /* Resources */ = {
			isa = PBXResourcesBuildPhase;
			buildActionMask = 2147483647;
			files = (
				CE381D0509915304003581CE /* dg_cocoa.plugin in Resources */,
				CE073F6309CAE1A3005C1D2F /* help in Resources */,
				CEEB135209C837A2004D2330 /* dupeguru.icns in Resources */,
				CEFC294609C89E3D00D9F998 /* folder32.png in Resources */,
				CE6E0E9F1054EB97008D9390 /* dsa_pub.pem in Resources */,
				CE4B59C91119919700C06C9E /* progress.xib in Resources */,
				CE74A12712537F2E008A8DF0 /* FairwareReminder.xib in Resources */,
				CE05331712E5D3ED0029EF25 /* DetailsPanel.xib in Resources */,
				CE05331812E5D3ED0029EF25 /* DirectoryPanel.xib in Resources */,
				CE05331912E5D3ED0029EF25 /* MainMenu.xib in Resources */,
				CE05331A12E5D3ED0029EF25 /* ProblemDialog.xib in Resources */,
				CE05331B12E5D3ED0029EF25 /* ResultWindow.xib in Resources */,
				CE05332312E5D4100029EF25 /* Preferences.xib in Resources */,
				CE05332F12E5D6100029EF25 /* Localizable.strings in Resources */,
				CE45274F12E5F62D00005A15 /* core.strings in Resources */,
				CEB5E07D13225CA2009F521D /* ExtraFairwareReminder.xib in Resources */,
				CEF3185913D8660000B8CDCA /* about.xib in Resources */,
				CEF3185A13D8660000B8CDCA /* ErrorReportWindow.xib in Resources */,
				CE84C9BD1423AF200050A6AD /* PrioritizeDialog.xib in Resources */,
				CECE37A61423EA980005187F /* DetailsPanel.xib in Resources */,
				CECE37A71423EA980005187F /* DirectoryPanel.xib in Resources */,
				CECE37A81423EA980005187F /* MainMenu.xib in Resources */,
				CEC481F21423FBC600034F91 /* columns.strings in Resources */,
				CEC481F31423FBC600034F91 /* help in Resources */,
				CEC481F41423FBC600034F91 /* dg_cocoa.plugin in Resources */,
				CEC481F51423FBC600034F91 /* folder32.png in Resources */,
			);
			runOnlyForDeploymentPostprocessing = 0;
		};
/* End PBXResourcesBuildPhase section */

/* Begin PBXSourcesBuildPhase section */
		8D11072C0486CEB800E47090 /* Sources */ = {
			isa = PBXSourcesBuildPhase;
			buildActionMask = 2147483647;
			files = (
				8D11072D0486CEB800E47090 /* main.m in Sources */,
				CE381C9609914ACE003581CE /* AppDelegate.m in Sources */,
				CE381C9C09914ADF003581CE /* ResultWindow.m in Sources */,
				CE68EE6809ABC48000971085 /* DirectoryPanel.m in Sources */,
				CE515DF30FC6C12E00EC695D /* Dialogs.m in Sources */,
				CE515DF40FC6C12E00EC695D /* HSErrorReportWindow.m in Sources */,
				CE515DF60FC6C12E00EC695D /* ProgressController.m in Sources */,
				CE515DFA0FC6C12E00EC695D /* Utils.m in Sources */,
				CE515DFB0FC6C12E00EC695D /* ValueTransformers.m in Sources */,
				CE515E1D0FC6C19300EC695D /* AppDelegate.m in Sources */,
				CE515E1E0FC6C19300EC695D /* DirectoryPanel.m in Sources */,
				CE515E1F0FC6C19300EC695D /* ResultWindow.m in Sources */,
				CE6032C00FE6784C007E33FF /* DetailsPanel.m in Sources */,
				CE003CC611242D00004B0AA7 /* HSGUIController.m in Sources */,
				CE003CC711242D00004B0AA7 /* HSOutline.m in Sources */,
				CE003CC811242D00004B0AA7 /* HSWindowController.m in Sources */,
				CE003CC911242D00004B0AA7 /* NSEventAdditions.m in Sources */,
				CE003CCA11242D00004B0AA7 /* HSOutlineView.m in Sources */,
				CE003CCB11242D00004B0AA7 /* NSIndexPathAdditions.m in Sources */,
				CE003CCC11242D00004B0AA7 /* NSTableViewAdditions.m in Sources */,
				CE003CD011242D2C004B0AA7 /* DirectoryOutline.m in Sources */,
				CEDF07A3112493B200EE5BC0 /* StatsLabel.m in Sources */,
				CE0A0C001175A1C000DCA3C6 /* HSTable.m in Sources */,
				CE0A0C041175A1DE00DCA3C6 /* ProblemDialog.m in Sources */,
				CEB14D29124DFC2800FA7481 /* ResultTable.m in Sources */,
				CE578303124DFC660004769C /* HSTableView.m in Sources */,
				CE74A12412537F06008A8DF0 /* HSFairwareReminder.m in Sources */,
				CE4F934912CCA96C0067A3AE /* HSAboutBox.m in Sources */,
				CE1EAA0A12DF3E81009BA949 /* HSRecentFiles.m in Sources */,
				CEB5E07813225C89009F521D /* ExtraFairwareReminder.m in Sources */,
				CE84C9B21423ADFB0050A6AD /* PrioritizeDialog.m in Sources */,
				CE84C9B31423ADFB0050A6AD /* PrioritizeList.m in Sources */,
				CE84C9B91423AE410050A6AD /* HSPopUpList.m in Sources */,
				CE84C9BA1423AE410050A6AD /* HSSelectableList.m in Sources */,
			);
			runOnlyForDeploymentPostprocessing = 0;
		};
/* End PBXSourcesBuildPhase section */

/* Begin PBXVariantGroup section */
		CE05330D12E5D3ED0029EF25 /* DetailsPanel.xib */ = {
			isa = PBXVariantGroup;
			children = (
				CE05330E12E5D3ED0029EF25 /* en */,
				CE05331C12E5D4010029EF25 /* fr */,
				CEF5770713CDFB250083CB30 /* de */,
				CEC8F3141416A0FC004D28F3 /* zh_CN */,
			);
			name = DetailsPanel.xib;
			sourceTree = SOURCE_ROOT;
		};
		CE05330F12E5D3ED0029EF25 /* DirectoryPanel.xib */ = {
			isa = PBXVariantGroup;
			children = (
				CE05331012E5D3ED0029EF25 /* en */,
				CE05331D12E5D4010029EF25 /* fr */,
				CEF5770813CDFB250083CB30 /* de */,
				CEC8F3151416A0FC004D28F3 /* zh_CN */,
			);
			name = DirectoryPanel.xib;
			sourceTree = SOURCE_ROOT;
		};
		CE05331112E5D3ED0029EF25 /* MainMenu.xib */ = {
			isa = PBXVariantGroup;
			children = (
				CE05331212E5D3ED0029EF25 /* en */,
				CE05331E12E5D4010029EF25 /* fr */,
				CEF5770A13CDFB250083CB30 /* de */,
				CEC8F3171416A0FC004D28F3 /* zh_CN */,
			);
			name = MainMenu.xib;
			sourceTree = SOURCE_ROOT;
		};
		CE05331312E5D3ED0029EF25 /* ProblemDialog.xib */ = {
			isa = PBXVariantGroup;
			children = (
				CE05331412E5D3ED0029EF25 /* en */,
				CE05331F12E5D4010029EF25 /* fr */,
				CEF5770B13CDFB250083CB30 /* de */,
				CEC8F3181416A0FC004D28F3 /* zh_CN */,
			);
			name = ProblemDialog.xib;
			sourceTree = SOURCE_ROOT;
		};
		CE05331512E5D3ED0029EF25 /* ResultWindow.xib */ = {
			isa = PBXVariantGroup;
			children = (
				CE05331612E5D3ED0029EF25 /* en */,
				CE05332012E5D4010029EF25 /* fr */,
				CEF5770C13CDFB250083CB30 /* de */,
				CEC8F3191416A0FC004D28F3 /* zh_CN */,
			);
			name = ResultWindow.xib;
			sourceTree = SOURCE_ROOT;
		};
		CE05332112E5D4100029EF25 /* Preferences.xib */ = {
			isa = PBXVariantGroup;
			children = (
				CE05332212E5D4100029EF25 /* en */,
				CE05332912E5D4460029EF25 /* fr */,
				CEF5770D13CDFB310083CB30 /* de */,
				CEC8F3201416A109004D28F3 /* zh_CN */,
			);
			name = Preferences.xib;
			sourceTree = SOURCE_ROOT;
		};
		CE05332D12E5D6100029EF25 /* Localizable.strings */ = {
			isa = PBXVariantGroup;
			children = (
				CE05332E12E5D6100029EF25 /* en */,
				CE05333312E5D6370029EF25 /* fr */,
				CE2B2B5A1406ABDA0038D15A /* de */,
				CEC8F3111416A0F0004D28F3 /* zh_CN */,
			);
			name = Localizable.strings;
			sourceTree = "<group>";
		};
		CE45274D12E5F62D00005A15 /* core.strings */ = {
			isa = PBXVariantGroup;
			children = (
				CE45274E12E5F62D00005A15 /* en */,
				CE45275012E5F63900005A15 /* fr */,
				CE2B2B591406ABDA0038D15A /* de */,
				CEC8F3101416A0F0004D28F3 /* zh_CN */,
			);
			name = core.strings;
			sourceTree = SOURCE_ROOT;
		};
		CE74A12512537F2E008A8DF0 /* FairwareReminder.xib */ = {
			isa = PBXVariantGroup;
			children = (
				CE74A12612537F2E008A8DF0 /* en */,
				CE05347712E5DC420029EF25 /* fr */,
				CEF3186113D8661300B8CDCA /* de */,
				CEC8F30B1416A0D2004D28F3 /* zh_CN */,
			);
			name = FairwareReminder.xib;
			path = ../../cocoalib/xib;
			sourceTree = SOURCE_ROOT;
		};
		CE84C9BB1423AF200050A6AD /* PrioritizeDialog.xib */ = {
			isa = PBXVariantGroup;
			children = (
				CE84C9BC1423AF200050A6AD /* en */,
				CECE37A31423EA980005187F /* de */,
				CECE37A41423EA980005187F /* fr */,
				CECE37A51423EA980005187F /* zh_CN */,
			);
			name = PrioritizeDialog.xib;
			sourceTree = "<group>";
		};
		CEB5E07B13225CA2009F521D /* ExtraFairwareReminder.xib */ = {
			isa = PBXVariantGroup;
			children = (
				CEB5E07C13225CA2009F521D /* en */,
				CEB5E07E13225CB8009F521D /* fr */,
				CEF5770913CDFB250083CB30 /* de */,
				CEC8F3161416A0FC004D28F3 /* zh_CN */,
			);
			name = ExtraFairwareReminder.xib;
			sourceTree = SOURCE_ROOT;
		};
		CEC481ED1423FBC600034F91 /* columns.strings */ = {
			isa = PBXVariantGroup;
			children = (
				CEC481EE1423FBC600034F91 /* de */,
				CEC481EF1423FBC600034F91 /* en */,
				CEC481F01423FBC600034F91 /* fr */,
				CEC481F11423FBC600034F91 /* zh_CN */,
			);
			name = columns.strings;
			sourceTree = "<group>";
		};
		CEF3185513D8660000B8CDCA /* about.xib */ = {
			isa = PBXVariantGroup;
			children = (
				CEF3185613D8660000B8CDCA /* en */,
				CEF3185B13D8660900B8CDCA /* fr */,
				CEF3185F13D8661300B8CDCA /* de */,
				CEC8F3091416A0D2004D28F3 /* zh_CN */,
			);
			name = about.xib;
			sourceTree = "<group>";
		};
		CEF3185713D8660000B8CDCA /* ErrorReportWindow.xib */ = {
			isa = PBXVariantGroup;
			children = (
				CEF3185813D8660000B8CDCA /* en */,
				CEF3185C13D8660900B8CDCA /* fr */,
				CEF3186013D8661300B8CDCA /* de */,
				CEC8F30A1416A0D2004D28F3 /* zh_CN */,
			);
			name = ErrorReportWindow.xib;
			sourceTree = "<group>";
		};
/* End PBXVariantGroup section */

/* Begin XCBuildConfiguration section */
		C01FCF4C08A954540054247B /* release */ = {
			isa = XCBuildConfiguration;
			buildSettings = {
				GCC_GENERATE_DEBUGGING_SYMBOLS = NO;
				INFOPLIST_FILE = Info.plist;
				INSTALL_PATH = "$(HOME)/Applications";
				PRODUCT_NAME = "dupeGuru ME";
				WRAPPER_EXTENSION = app;
			};
			name = release;
		};
		C01FCF5008A954540054247B /* release */ = {
			isa = XCBuildConfiguration;
			buildSettings = {
				ARCHS = "$(ARCHS_STANDARD_32_64_BIT)";
				GCC_C_LANGUAGE_STANDARD = c99;
				GCC_WARN_ABOUT_RETURN_TYPE = YES;
				GCC_WARN_UNUSED_VARIABLE = YES;
				MACOSX_DEPLOYMENT_TARGET = 10.6;
				SDKROOT = macosx10.6;
			};
			name = release;
		};
		CED596C5111AF56D00C0CF2B /* dev */ = {
			isa = XCBuildConfiguration;
			buildSettings = {
				ARCHS = "$(NATIVE_ARCH_ACTUAL)";
				GCC_C_LANGUAGE_STANDARD = c99;
				GCC_WARN_ABOUT_RETURN_TYPE = YES;
				GCC_WARN_UNUSED_VARIABLE = YES;
				MACOSX_DEPLOYMENT_TARGET = 10.6;
				SDKROOT = macosx10.6;
			};
			name = dev;
		};
		CED596C6111AF56D00C0CF2B /* dev */ = {
			isa = XCBuildConfiguration;
			buildSettings = {
				INFOPLIST_FILE = Info.plist;
				INSTALL_PATH = "$(HOME)/Applications";
				PRODUCT_NAME = "dupeGuru ME";
				WRAPPER_EXTENSION = app;
			};
			name = dev;
		};
/* End XCBuildConfiguration section */

/* Begin XCConfigurationList section */
		C01FCF4A08A954540054247B /* Build configuration list for PBXNativeTarget "dupeguru" */ = {
			isa = XCConfigurationList;
			buildConfigurations = (
				C01FCF4C08A954540054247B /* release */,
				CED596C6111AF56D00C0CF2B /* dev */,
			);
			defaultConfigurationIsVisible = 0;
			defaultConfigurationName = release;
		};
		C01FCF4E08A954540054247B /* Build configuration list for PBXProject "dupeguru" */ = {
			isa = XCConfigurationList;
			buildConfigurations = (
				C01FCF5008A954540054247B /* release */,
				CED596C5111AF56D00C0CF2B /* dev */,
			);
			defaultConfigurationIsVisible = 0;
			defaultConfigurationName = release;
		};
/* End XCConfigurationList section */
	};
	rootObject = 29B97313FDCFA39411CA2CEA /* Project object */;
}
