// !$*UTF8*$!
{
	archiveVersion = 1;
	classes = {
	};
	objectVersion = 42;
	objects = {

/* Begin PBXBuildFile section */
		8D11072A0486CEB800E47090 /* MainMenu.nib in Resources */ = {isa = PBXBuildFile; fileRef = 29B97318FDCFA39411CA2CEA /* MainMenu.nib */; };
		8D11072B0486CEB800E47090 /* InfoPlist.strings in Resources */ = {isa = PBXBuildFile; fileRef = 089C165CFE840E0CC02AAC07 /* InfoPlist.strings */; };
		8D11072D0486CEB800E47090 /* main.m in Sources */ = {isa = PBXBuildFile; fileRef = 29B97316FDCFA39411CA2CEA /* main.m */; settings = {ATTRIBUTES = (); }; };
		8D11072F0486CEB800E47090 /* Cocoa.framework in Frameworks */ = {isa = PBXBuildFile; fileRef = 1058C7A1FEA54F0111CA2CBB /* Cocoa.framework */; };
		CE073F6309CAE1A3005C1D2F /* dupeguru_pe_help in Resources */ = {isa = PBXBuildFile; fileRef = CE073F5409CAE1A3005C1D2F /* dupeguru_pe_help */; };
		CE0C46AA0FA0647E000BE99B /* PictureBlocks.m in Sources */ = {isa = PBXBuildFile; fileRef = CE0C46A90FA0647E000BE99B /* PictureBlocks.m */; };
		CE15C8A80ADEB8B50061D4A5 /* Sparkle.framework in Frameworks */ = {isa = PBXBuildFile; fileRef = CE15C8A70ADEB8B50061D4A5 /* Sparkle.framework */; };
		CE15C8C00ADEB8D40061D4A5 /* Sparkle.framework in CopyFiles */ = {isa = PBXBuildFile; fileRef = CE15C8A70ADEB8B50061D4A5 /* Sparkle.framework */; };
		CE381C9609914ACE003581CE /* AppDelegate.m in Sources */ = {isa = PBXBuildFile; fileRef = CE381C9409914ACE003581CE /* AppDelegate.m */; };
		CE381C9C09914ADF003581CE /* ResultWindow.m in Sources */ = {isa = PBXBuildFile; fileRef = CE381C9A09914ADF003581CE /* ResultWindow.m */; };
		CE381D0509915304003581CE /* dg_cocoa.plugin in Resources */ = {isa = PBXBuildFile; fileRef = CE381CF509915304003581CE /* dg_cocoa.plugin */; };
		CE3AA46709DB207900DB3A21 /* Directories.nib in Resources */ = {isa = PBXBuildFile; fileRef = CE3AA46509DB207900DB3A21 /* Directories.nib */; };
		CE6044EC0FE6796200B71262 /* DetailsPanel.m in Sources */ = {isa = PBXBuildFile; fileRef = CE6044EB0FE6796200B71262 /* DetailsPanel.m */; };
		CE68EE6809ABC48000971085 /* DirectoryPanel.m in Sources */ = {isa = PBXBuildFile; fileRef = CE68EE6609ABC48000971085 /* DirectoryPanel.m */; };
		CE80DB2E0FC192D60086DCA6 /* Dialogs.m in Sources */ = {isa = PBXBuildFile; fileRef = CE80DB1C0FC192D60086DCA6 /* Dialogs.m */; };
		CE80DB2F0FC192D60086DCA6 /* HSErrorReportWindow.m in Sources */ = {isa = PBXBuildFile; fileRef = CE80DB1E0FC192D60086DCA6 /* HSErrorReportWindow.m */; };
		CE80DB300FC192D60086DCA6 /* Outline.m in Sources */ = {isa = PBXBuildFile; fileRef = CE80DB200FC192D60086DCA6 /* Outline.m */; };
		CE80DB310FC192D60086DCA6 /* ProgressController.m in Sources */ = {isa = PBXBuildFile; fileRef = CE80DB220FC192D60086DCA6 /* ProgressController.m */; };
		CE80DB320FC192D60086DCA6 /* RecentDirectories.m in Sources */ = {isa = PBXBuildFile; fileRef = CE80DB250FC192D60086DCA6 /* RecentDirectories.m */; };
		CE80DB330FC192D60086DCA6 /* RegistrationInterface.m in Sources */ = {isa = PBXBuildFile; fileRef = CE80DB270FC192D60086DCA6 /* RegistrationInterface.m */; };
		CE80DB340FC192D60086DCA6 /* Table.m in Sources */ = {isa = PBXBuildFile; fileRef = CE80DB290FC192D60086DCA6 /* Table.m */; };
		CE80DB350FC192D60086DCA6 /* Utils.m in Sources */ = {isa = PBXBuildFile; fileRef = CE80DB2B0FC192D60086DCA6 /* Utils.m */; };
		CE80DB360FC192D60086DCA6 /* ValueTransformers.m in Sources */ = {isa = PBXBuildFile; fileRef = CE80DB2D0FC192D60086DCA6 /* ValueTransformers.m */; };
		CE80DB470FC193650086DCA6 /* NSNotificationAdditions.m in Sources */ = {isa = PBXBuildFile; fileRef = CE80DB460FC193650086DCA6 /* NSNotificationAdditions.m */; };
		CE80DB4A0FC193770086DCA6 /* NSImageAdditions.m in Sources */ = {isa = PBXBuildFile; fileRef = CE80DB490FC193770086DCA6 /* NSImageAdditions.m */; };
		CE80DB760FC194760086DCA6 /* ErrorReportWindow.xib in Resources */ = {isa = PBXBuildFile; fileRef = CE80DB700FC194760086DCA6 /* ErrorReportWindow.xib */; };
		CE80DB770FC194760086DCA6 /* progress.nib in Resources */ = {isa = PBXBuildFile; fileRef = CE80DB720FC194760086DCA6 /* progress.nib */; };
		CE80DB780FC194760086DCA6 /* registration.nib in Resources */ = {isa = PBXBuildFile; fileRef = CE80DB740FC194760086DCA6 /* registration.nib */; };
		CE80DB8A0FC1951C0086DCA6 /* AppDelegate.m in Sources */ = {isa = PBXBuildFile; fileRef = CE80DB830FC1951C0086DCA6 /* AppDelegate.m */; };
		CE80DB8B0FC1951C0086DCA6 /* DirectoryPanel.m in Sources */ = {isa = PBXBuildFile; fileRef = CE80DB860FC1951C0086DCA6 /* DirectoryPanel.m */; };
		CE80DB8C0FC1951C0086DCA6 /* ResultWindow.m in Sources */ = {isa = PBXBuildFile; fileRef = CE80DB890FC1951C0086DCA6 /* ResultWindow.m */; };
		CE848A1909DD85810004CB44 /* Consts.h in CopyFiles */ = {isa = PBXBuildFile; fileRef = CE848A1809DD85810004CB44 /* Consts.h */; };
		CEBAE4270FDA97E000B7887D /* BRSingleLineFormatter.m in Sources */ = {isa = PBXBuildFile; fileRef = CEBAE4240FDA97E000B7887D /* BRSingleLineFormatter.m */; };
		CEBAE4280FDA97E000B7887D /* NSCharacterSet_Extensions.m in Sources */ = {isa = PBXBuildFile; fileRef = CEBAE4260FDA97E000B7887D /* NSCharacterSet_Extensions.m */; };
		CECA899909DB12CA00A3D774 /* Details.nib in Resources */ = {isa = PBXBuildFile; fileRef = CECA899709DB12CA00A3D774 /* Details.nib */; };
		CECA899C09DB132E00A3D774 /* DetailsPanel.h in CopyFiles */ = {isa = PBXBuildFile; fileRef = CECA899A09DB132E00A3D774 /* DetailsPanel.h */; };
		CECA899D09DB132E00A3D774 /* DetailsPanel.m in Sources */ = {isa = PBXBuildFile; fileRef = CECA899B09DB132E00A3D774 /* DetailsPanel.m */; };
		CEDA432E0B07C6E600B3091A /* dg.xsl in Resources */ = {isa = PBXBuildFile; fileRef = CEDA432C0B07C6E600B3091A /* dg.xsl */; };
		CEDA432F0B07C6E600B3091A /* hardcoded.css in Resources */ = {isa = PBXBuildFile; fileRef = CEDA432D0B07C6E600B3091A /* hardcoded.css */; };
		CEEB135209C837A2004D2330 /* dupeguru.icns in Resources */ = {isa = PBXBuildFile; fileRef = CEEB135109C837A2004D2330 /* dupeguru.icns */; };
		CEF7823809C8AA0200EF38FF /* gear.png in Resources */ = {isa = PBXBuildFile; fileRef = CEF7823709C8AA0200EF38FF /* gear.png */; };
		CEFC294609C89E3D00D9F998 /* folder32.png in Resources */ = {isa = PBXBuildFile; fileRef = CEFC294509C89E3D00D9F998 /* folder32.png */; };
		CEFC295509C89FF200D9F998 /* details32.png in Resources */ = {isa = PBXBuildFile; fileRef = CEFC295309C89FF200D9F998 /* details32.png */; };
		CEFC295609C89FF200D9F998 /* preferences32.png in Resources */ = {isa = PBXBuildFile; fileRef = CEFC295409C89FF200D9F998 /* preferences32.png */; };
		CEFCDE2D0AB0418600C33A93 /* dgpe_logo_32.png in Resources */ = {isa = PBXBuildFile; fileRef = CEFCDE2C0AB0418600C33A93 /* dgpe_logo_32.png */; };
/* End PBXBuildFile section */

/* Begin PBXCopyFilesBuildPhase section */
		CECC02B709A36E8200CC0A94 /* CopyFiles */ = {
			isa = PBXCopyFilesBuildPhase;
			buildActionMask = 2147483647;
			dstPath = "";
			dstSubfolderSpec = 10;
			files = (
				CE15C8C00ADEB8D40061D4A5 /* Sparkle.framework in CopyFiles */,
				CECA899C09DB132E00A3D774 /* DetailsPanel.h in CopyFiles */,
				CE848A1909DD85810004CB44 /* Consts.h in CopyFiles */,
			);
			runOnlyForDeploymentPostprocessing = 0;
		};
/* End PBXCopyFilesBuildPhase section */

/* Begin PBXFileReference section */
		089C165DFE840E0CC02AAC07 /* English */ = {isa = PBXFileReference; fileEncoding = 10; lastKnownFileType = text.plist.strings; name = English; path = English.lproj/InfoPlist.strings; sourceTree = "<group>"; };
		1058C7A1FEA54F0111CA2CBB /* Cocoa.framework */ = {isa = PBXFileReference; lastKnownFileType = wrapper.framework; name = Cocoa.framework; path = /System/Library/Frameworks/Cocoa.framework; sourceTree = "<absolute>"; };
		13E42FB307B3F0F600E4EEF1 /* CoreData.framework */ = {isa = PBXFileReference; lastKnownFileType = wrapper.framework; name = CoreData.framework; path = /System/Library/Frameworks/CoreData.framework; sourceTree = "<absolute>"; };
		29B97316FDCFA39411CA2CEA /* main.m */ = {isa = PBXFileReference; fileEncoding = 4; lastKnownFileType = sourcecode.c.objc; path = main.m; sourceTree = SOURCE_ROOT; };
		29B97319FDCFA39411CA2CEA /* English */ = {isa = PBXFileReference; lastKnownFileType = wrapper.nib; name = English; path = English.lproj/MainMenu.nib; sourceTree = "<group>"; };
		29B97324FDCFA39411CA2CEA /* AppKit.framework */ = {isa = PBXFileReference; lastKnownFileType = wrapper.framework; name = AppKit.framework; path = /System/Library/Frameworks/AppKit.framework; sourceTree = "<absolute>"; };
		29B97325FDCFA39411CA2CEA /* Foundation.framework */ = {isa = PBXFileReference; lastKnownFileType = wrapper.framework; name = Foundation.framework; path = /System/Library/Frameworks/Foundation.framework; sourceTree = "<absolute>"; };
		8D1107310486CEB800E47090 /* Info.plist */ = {isa = PBXFileReference; fileEncoding = 4; lastKnownFileType = text.plist.xml; path = Info.plist; sourceTree = SOURCE_ROOT; };
		8D1107320486CEB800E47090 /* dupeGuru PE.app */ = {isa = PBXFileReference; explicitFileType = wrapper.application; includeInIndex = 0; path = "dupeGuru PE.app"; sourceTree = BUILT_PRODUCTS_DIR; };
		CE073F5409CAE1A3005C1D2F /* dupeguru_pe_help */ = {isa = PBXFileReference; lastKnownFileType = folder; name = dupeguru_pe_help; path = help/dupeguru_pe_help; sourceTree = SOURCE_ROOT; };
		CE0C46A80FA0647E000BE99B /* PictureBlocks.h */ = {isa = PBXFileReference; fileEncoding = 4; lastKnownFileType = sourcecode.c.h; path = PictureBlocks.h; sourceTree = "<group>"; };
		CE0C46A90FA0647E000BE99B /* PictureBlocks.m */ = {isa = PBXFileReference; fileEncoding = 4; lastKnownFileType = sourcecode.c.objc; path = PictureBlocks.m; sourceTree = "<group>"; };
		CE15C8A70ADEB8B50061D4A5 /* Sparkle.framework */ = {isa = PBXFileReference; lastKnownFileType = wrapper.framework; name = Sparkle.framework; path = /Library/Frameworks/Sparkle.framework; sourceTree = "<absolute>"; };
		CE381C9409914ACE003581CE /* AppDelegate.m */ = {isa = PBXFileReference; fileEncoding = 5; lastKnownFileType = sourcecode.c.objc; path = AppDelegate.m; sourceTree = SOURCE_ROOT; };
		CE381C9509914ACE003581CE /* AppDelegate.h */ = {isa = PBXFileReference; fileEncoding = 5; lastKnownFileType = sourcecode.c.h; path = AppDelegate.h; sourceTree = SOURCE_ROOT; };
		CE381C9A09914ADF003581CE /* ResultWindow.m */ = {isa = PBXFileReference; fileEncoding = 5; lastKnownFileType = sourcecode.c.objc; path = ResultWindow.m; sourceTree = SOURCE_ROOT; };
		CE381C9B09914ADF003581CE /* ResultWindow.h */ = {isa = PBXFileReference; fileEncoding = 5; lastKnownFileType = sourcecode.c.h; path = ResultWindow.h; sourceTree = SOURCE_ROOT; };
		CE381CF509915304003581CE /* dg_cocoa.plugin */ = {isa = PBXFileReference; lastKnownFileType = folder; name = dg_cocoa.plugin; path = py/dist/dg_cocoa.plugin; sourceTree = SOURCE_ROOT; };
		CE3AA46609DB207900DB3A21 /* English */ = {isa = PBXFileReference; lastKnownFileType = wrapper.nib; name = English; path = English.lproj/Directories.nib; sourceTree = "<group>"; };
		CE6044EA0FE6796200B71262 /* DetailsPanel.h */ = {isa = PBXFileReference; fileEncoding = 4; lastKnownFileType = sourcecode.c.h; name = DetailsPanel.h; path = dgbase/DetailsPanel.h; sourceTree = SOURCE_ROOT; };
		CE6044EB0FE6796200B71262 /* DetailsPanel.m */ = {isa = PBXFileReference; fileEncoding = 4; lastKnownFileType = sourcecode.c.objc; name = DetailsPanel.m; path = dgbase/DetailsPanel.m; sourceTree = SOURCE_ROOT; };
		CE68EE6509ABC48000971085 /* DirectoryPanel.h */ = {isa = PBXFileReference; fileEncoding = 5; lastKnownFileType = sourcecode.c.h; path = DirectoryPanel.h; sourceTree = SOURCE_ROOT; };
		CE68EE6609ABC48000971085 /* DirectoryPanel.m */ = {isa = PBXFileReference; fileEncoding = 5; lastKnownFileType = sourcecode.c.objc; path = DirectoryPanel.m; sourceTree = SOURCE_ROOT; };
		CE80DB1B0FC192D60086DCA6 /* Dialogs.h */ = {isa = PBXFileReference; fileEncoding = 4; lastKnownFileType = sourcecode.c.h; name = Dialogs.h; path = cocoalib/Dialogs.h; sourceTree = SOURCE_ROOT; };
		CE80DB1C0FC192D60086DCA6 /* Dialogs.m */ = {isa = PBXFileReference; fileEncoding = 4; lastKnownFileType = sourcecode.c.objc; name = Dialogs.m; path = cocoalib/Dialogs.m; sourceTree = SOURCE_ROOT; };
		CE80DB1D0FC192D60086DCA6 /* HSErrorReportWindow.h */ = {isa = PBXFileReference; fileEncoding = 4; lastKnownFileType = sourcecode.c.h; name = HSErrorReportWindow.h; path = cocoalib/HSErrorReportWindow.h; sourceTree = SOURCE_ROOT; };
		CE80DB1E0FC192D60086DCA6 /* HSErrorReportWindow.m */ = {isa = PBXFileReference; fileEncoding = 4; lastKnownFileType = sourcecode.c.objc; name = HSErrorReportWindow.m; path = cocoalib/HSErrorReportWindow.m; sourceTree = SOURCE_ROOT; };
		CE80DB1F0FC192D60086DCA6 /* Outline.h */ = {isa = PBXFileReference; fileEncoding = 4; lastKnownFileType = sourcecode.c.h; name = Outline.h; path = cocoalib/Outline.h; sourceTree = SOURCE_ROOT; };
		CE80DB200FC192D60086DCA6 /* Outline.m */ = {isa = PBXFileReference; fileEncoding = 4; lastKnownFileType = sourcecode.c.objc; name = Outline.m; path = cocoalib/Outline.m; sourceTree = SOURCE_ROOT; };
		CE80DB210FC192D60086DCA6 /* ProgressController.h */ = {isa = PBXFileReference; fileEncoding = 4; lastKnownFileType = sourcecode.c.h; name = ProgressController.h; path = cocoalib/ProgressController.h; sourceTree = SOURCE_ROOT; };
		CE80DB220FC192D60086DCA6 /* ProgressController.m */ = {isa = PBXFileReference; fileEncoding = 4; lastKnownFileType = sourcecode.c.objc; name = ProgressController.m; path = cocoalib/ProgressController.m; sourceTree = SOURCE_ROOT; };
		CE80DB230FC192D60086DCA6 /* PyApp.h */ = {isa = PBXFileReference; fileEncoding = 4; lastKnownFileType = sourcecode.c.h; name = PyApp.h; path = cocoalib/PyApp.h; sourceTree = SOURCE_ROOT; };
		CE80DB240FC192D60086DCA6 /* RecentDirectories.h */ = {isa = PBXFileReference; fileEncoding = 4; lastKnownFileType = sourcecode.c.h; name = RecentDirectories.h; path = cocoalib/RecentDirectories.h; sourceTree = SOURCE_ROOT; };
		CE80DB250FC192D60086DCA6 /* RecentDirectories.m */ = {isa = PBXFileReference; fileEncoding = 4; lastKnownFileType = sourcecode.c.objc; name = RecentDirectories.m; path = cocoalib/RecentDirectories.m; sourceTree = SOURCE_ROOT; };
		CE80DB260FC192D60086DCA6 /* RegistrationInterface.h */ = {isa = PBXFileReference; fileEncoding = 4; lastKnownFileType = sourcecode.c.h; name = RegistrationInterface.h; path = cocoalib/RegistrationInterface.h; sourceTree = SOURCE_ROOT; };
		CE80DB270FC192D60086DCA6 /* RegistrationInterface.m */ = {isa = PBXFileReference; fileEncoding = 4; lastKnownFileType = sourcecode.c.objc; name = RegistrationInterface.m; path = cocoalib/RegistrationInterface.m; sourceTree = SOURCE_ROOT; };
		CE80DB280FC192D60086DCA6 /* Table.h */ = {isa = PBXFileReference; fileEncoding = 4; lastKnownFileType = sourcecode.c.h; name = Table.h; path = cocoalib/Table.h; sourceTree = SOURCE_ROOT; };
		CE80DB290FC192D60086DCA6 /* Table.m */ = {isa = PBXFileReference; fileEncoding = 4; lastKnownFileType = sourcecode.c.objc; name = Table.m; path = cocoalib/Table.m; sourceTree = SOURCE_ROOT; };
		CE80DB2A0FC192D60086DCA6 /* Utils.h */ = {isa = PBXFileReference; fileEncoding = 4; lastKnownFileType = sourcecode.c.h; name = Utils.h; path = cocoalib/Utils.h; sourceTree = SOURCE_ROOT; };
		CE80DB2B0FC192D60086DCA6 /* Utils.m */ = {isa = PBXFileReference; fileEncoding = 4; lastKnownFileType = sourcecode.c.objc; name = Utils.m; path = cocoalib/Utils.m; sourceTree = SOURCE_ROOT; };
		CE80DB2C0FC192D60086DCA6 /* ValueTransformers.h */ = {isa = PBXFileReference; fileEncoding = 4; lastKnownFileType = sourcecode.c.h; name = ValueTransformers.h; path = cocoalib/ValueTransformers.h; sourceTree = SOURCE_ROOT; };
		CE80DB2D0FC192D60086DCA6 /* ValueTransformers.m */ = {isa = PBXFileReference; fileEncoding = 4; lastKnownFileType = sourcecode.c.objc; name = ValueTransformers.m; path = cocoalib/ValueTransformers.m; sourceTree = SOURCE_ROOT; };
		CE80DB450FC193650086DCA6 /* NSNotificationAdditions.h */ = {isa = PBXFileReference; fileEncoding = 4; lastKnownFileType = sourcecode.c.h; name = NSNotificationAdditions.h; path = cocoalib/NSNotificationAdditions.h; sourceTree = SOURCE_ROOT; };
		CE80DB460FC193650086DCA6 /* NSNotificationAdditions.m */ = {isa = PBXFileReference; fileEncoding = 4; lastKnownFileType = sourcecode.c.objc; name = NSNotificationAdditions.m; path = cocoalib/NSNotificationAdditions.m; sourceTree = SOURCE_ROOT; };
		CE80DB480FC193770086DCA6 /* NSImageAdditions.h */ = {isa = PBXFileReference; fileEncoding = 4; lastKnownFileType = sourcecode.c.h; name = NSImageAdditions.h; path = cocoalib/NSImageAdditions.h; sourceTree = SOURCE_ROOT; };
		CE80DB490FC193770086DCA6 /* NSImageAdditions.m */ = {isa = PBXFileReference; fileEncoding = 4; lastKnownFileType = sourcecode.c.objc; name = NSImageAdditions.m; path = cocoalib/NSImageAdditions.m; sourceTree = SOURCE_ROOT; };
		CE80DB710FC194760086DCA6 /* English */ = {isa = PBXFileReference; lastKnownFileType = file.xib; name = English; path = cocoalib/English.lproj/ErrorReportWindow.xib; sourceTree = SOURCE_ROOT; };
		CE80DB730FC194760086DCA6 /* English */ = {isa = PBXFileReference; lastKnownFileType = wrapper.nib; name = English; path = cocoalib/English.lproj/progress.nib; sourceTree = SOURCE_ROOT; };
		CE80DB750FC194760086DCA6 /* English */ = {isa = PBXFileReference; lastKnownFileType = wrapper.nib; name = English; path = cocoalib/English.lproj/registration.nib; sourceTree = SOURCE_ROOT; };
		CE80DB820FC1951C0086DCA6 /* AppDelegate.h */ = {isa = PBXFileReference; fileEncoding = 4; lastKnownFileType = sourcecode.c.h; name = AppDelegate.h; path = dgbase/AppDelegate.h; sourceTree = SOURCE_ROOT; };
		CE80DB830FC1951C0086DCA6 /* AppDelegate.m */ = {isa = PBXFileReference; fileEncoding = 4; lastKnownFileType = sourcecode.c.objc; name = AppDelegate.m; path = dgbase/AppDelegate.m; sourceTree = SOURCE_ROOT; };
		CE80DB840FC1951C0086DCA6 /* Consts.h */ = {isa = PBXFileReference; fileEncoding = 4; lastKnownFileType = sourcecode.c.h; name = Consts.h; path = dgbase/Consts.h; sourceTree = SOURCE_ROOT; };
		CE80DB850FC1951C0086DCA6 /* DirectoryPanel.h */ = {isa = PBXFileReference; fileEncoding = 4; lastKnownFileType = sourcecode.c.h; name = DirectoryPanel.h; path = dgbase/DirectoryPanel.h; sourceTree = SOURCE_ROOT; };
		CE80DB860FC1951C0086DCA6 /* DirectoryPanel.m */ = {isa = PBXFileReference; fileEncoding = 4; lastKnownFileType = sourcecode.c.objc; name = DirectoryPanel.m; path = dgbase/DirectoryPanel.m; sourceTree = SOURCE_ROOT; };
		CE80DB870FC1951C0086DCA6 /* PyDupeGuru.h */ = {isa = PBXFileReference; fileEncoding = 4; lastKnownFileType = sourcecode.c.h; name = PyDupeGuru.h; path = dgbase/PyDupeGuru.h; sourceTree = SOURCE_ROOT; };
		CE80DB880FC1951C0086DCA6 /* ResultWindow.h */ = {isa = PBXFileReference; fileEncoding = 4; lastKnownFileType = sourcecode.c.h; name = ResultWindow.h; path = dgbase/ResultWindow.h; sourceTree = SOURCE_ROOT; };
		CE80DB890FC1951C0086DCA6 /* ResultWindow.m */ = {isa = PBXFileReference; fileEncoding = 4; lastKnownFileType = sourcecode.c.objc; name = ResultWindow.m; path = dgbase/ResultWindow.m; sourceTree = SOURCE_ROOT; };
		CE848A1809DD85810004CB44 /* Consts.h */ = {isa = PBXFileReference; fileEncoding = 4; lastKnownFileType = sourcecode.c.h; path = Consts.h; sourceTree = "<group>"; };
		CEBAE4230FDA97E000B7887D /* BRSingleLineFormatter.h */ = {isa = PBXFileReference; fileEncoding = 4; lastKnownFileType = sourcecode.c.h; name = BRSingleLineFormatter.h; path = cocoalib/brsinglelineformatter/BRSingleLineFormatter.h; sourceTree = SOURCE_ROOT; };
		CEBAE4240FDA97E000B7887D /* BRSingleLineFormatter.m */ = {isa = PBXFileReference; fileEncoding = 4; lastKnownFileType = sourcecode.c.objc; name = BRSingleLineFormatter.m; path = cocoalib/brsinglelineformatter/BRSingleLineFormatter.m; sourceTree = SOURCE_ROOT; };
		CEBAE4250FDA97E000B7887D /* NSCharacterSet_Extensions.h */ = {isa = PBXFileReference; fileEncoding = 4; lastKnownFileType = sourcecode.c.h; name = NSCharacterSet_Extensions.h; path = cocoalib/brsinglelineformatter/NSCharacterSet_Extensions.h; sourceTree = SOURCE_ROOT; };
		CEBAE4260FDA97E000B7887D /* NSCharacterSet_Extensions.m */ = {isa = PBXFileReference; fileEncoding = 4; lastKnownFileType = sourcecode.c.objc; name = NSCharacterSet_Extensions.m; path = cocoalib/brsinglelineformatter/NSCharacterSet_Extensions.m; sourceTree = SOURCE_ROOT; };
		CECA899809DB12CA00A3D774 /* English */ = {isa = PBXFileReference; lastKnownFileType = wrapper.nib; name = English; path = English.lproj/Details.nib; sourceTree = "<group>"; };
		CECA899A09DB132E00A3D774 /* DetailsPanel.h */ = {isa = PBXFileReference; fileEncoding = 5; lastKnownFileType = sourcecode.c.h; path = DetailsPanel.h; sourceTree = "<group>"; };
		CECA899B09DB132E00A3D774 /* DetailsPanel.m */ = {isa = PBXFileReference; fileEncoding = 5; lastKnownFileType = sourcecode.c.objc; path = DetailsPanel.m; sourceTree = "<group>"; };
		CEDA432C0B07C6E600B3091A /* dg.xsl */ = {isa = PBXFileReference; fileEncoding = 5; lastKnownFileType = text.xml; name = dg.xsl; path = w3/dg.xsl; sourceTree = SOURCE_ROOT; };
		CEDA432D0B07C6E600B3091A /* hardcoded.css */ = {isa = PBXFileReference; fileEncoding = 5; lastKnownFileType = text; name = hardcoded.css; path = w3/hardcoded.css; sourceTree = SOURCE_ROOT; };
		CEEB135109C837A2004D2330 /* dupeguru.icns */ = {isa = PBXFileReference; lastKnownFileType = image.icns; path = dupeguru.icns; sourceTree = "<group>"; };
		CEF7823709C8AA0200EF38FF /* gear.png */ = {isa = PBXFileReference; lastKnownFileType = image.png; name = gear.png; path = images/gear.png; sourceTree = "<group>"; };
		CEFC294509C89E3D00D9F998 /* folder32.png */ = {isa = PBXFileReference; lastKnownFileType = image.png; name = folder32.png; path = images/folder32.png; sourceTree = SOURCE_ROOT; };
		CEFC295309C89FF200D9F998 /* details32.png */ = {isa = PBXFileReference; lastKnownFileType = image.png; name = details32.png; path = images/details32.png; sourceTree = SOURCE_ROOT; };
		CEFC295409C89FF200D9F998 /* preferences32.png */ = {isa = PBXFileReference; lastKnownFileType = image.png; name = preferences32.png; path = images/preferences32.png; sourceTree = SOURCE_ROOT; };
		CEFCDE2C0AB0418600C33A93 /* dgpe_logo_32.png */ = {isa = PBXFileReference; lastKnownFileType = image.png; name = dgpe_logo_32.png; path = images/dgpe_logo_32.png; sourceTree = SOURCE_ROOT; };
		CEFF18A009A4D387005E6321 /* PyDupeGuru.h */ = {isa = PBXFileReference; fileEncoding = 5; lastKnownFileType = sourcecode.c.h; path = PyDupeGuru.h; sourceTree = SOURCE_ROOT; };
/* End PBXFileReference section */

/* Begin PBXFrameworksBuildPhase section */
		8D11072E0486CEB800E47090 /* Frameworks */ = {
			isa = PBXFrameworksBuildPhase;
			buildActionMask = 2147483647;
			files = (
				8D11072F0486CEB800E47090 /* Cocoa.framework in Frameworks */,
				CE15C8A80ADEB8B50061D4A5 /* Sparkle.framework in Frameworks */,
			);
			runOnlyForDeploymentPostprocessing = 0;
		};
/* End PBXFrameworksBuildPhase section */

/* Begin PBXGroup section */
		080E96DDFE201D6D7F000001 /* Classes */ = {
			isa = PBXGroup;
			children = (
				CE0C46A80FA0647E000BE99B /* PictureBlocks.h */,
				CE0C46A90FA0647E000BE99B /* PictureBlocks.m */,
				CE381C9509914ACE003581CE /* AppDelegate.h */,
				CE381C9409914ACE003581CE /* AppDelegate.m */,
				CE848A1809DD85810004CB44 /* Consts.h */,
				CECA899A09DB132E00A3D774 /* DetailsPanel.h */,
				CECA899B09DB132E00A3D774 /* DetailsPanel.m */,
				CE68EE6509ABC48000971085 /* DirectoryPanel.h */,
				CE68EE6609ABC48000971085 /* DirectoryPanel.m */,
				CEFF18A009A4D387005E6321 /* PyDupeGuru.h */,
				CE381C9B09914ADF003581CE /* ResultWindow.h */,
				CE381C9A09914ADF003581CE /* ResultWindow.m */,
			);
			name = Classes;
			sourceTree = "<group>";
		};
		1058C7A0FEA54F0111CA2CBB /* Linked Frameworks */ = {
			isa = PBXGroup;
			children = (
				CE15C8A70ADEB8B50061D4A5 /* Sparkle.framework */,
				1058C7A1FEA54F0111CA2CBB /* Cocoa.framework */,
			);
			name = "Linked Frameworks";
			sourceTree = "<group>";
		};
		1058C7A2FEA54F0111CA2CBB /* Other Frameworks */ = {
			isa = PBXGroup;
			children = (
				29B97324FDCFA39411CA2CEA /* AppKit.framework */,
				13E42FB307B3F0F600E4EEF1 /* CoreData.framework */,
				29B97325FDCFA39411CA2CEA /* Foundation.framework */,
			);
			name = "Other Frameworks";
			sourceTree = "<group>";
		};
		19C28FACFE9D520D11CA2CBB /* Products */ = {
			isa = PBXGroup;
			children = (
				8D1107320486CEB800E47090 /* dupeGuru PE.app */,
			);
			name = Products;
			sourceTree = "<group>";
		};
		29B97314FDCFA39411CA2CEA /* dupeguru */ = {
			isa = PBXGroup;
			children = (
				080E96DDFE201D6D7F000001 /* Classes */,
				CE80DB1A0FC192AB0086DCA6 /* cocoalib */,
				CE80DB810FC194BD0086DCA6 /* dgbase */,
				29B97315FDCFA39411CA2CEA /* Other Sources */,
				29B97317FDCFA39411CA2CEA /* Resources */,
				29B97323FDCFA39411CA2CEA /* Frameworks */,
				19C28FACFE9D520D11CA2CBB /* Products */,
			);
			name = dupeguru;
			sourceTree = "<group>";
		};
		29B97315FDCFA39411CA2CEA /* Other Sources */ = {
			isa = PBXGroup;
			children = (
				29B97316FDCFA39411CA2CEA /* main.m */,
			);
			name = "Other Sources";
			sourceTree = "<group>";
		};
		29B97317FDCFA39411CA2CEA /* Resources */ = {
			isa = PBXGroup;
			children = (
				CE073F5409CAE1A3005C1D2F /* dupeguru_pe_help */,
				CE381CF509915304003581CE /* dg_cocoa.plugin */,
				CEFC294309C89E0000D9F998 /* images */,
				CEDA432B0B07C6E600B3091A /* w3 */,
				CEEB135109C837A2004D2330 /* dupeguru.icns */,
				8D1107310486CEB800E47090 /* Info.plist */,
				089C165CFE840E0CC02AAC07 /* InfoPlist.strings */,
				CECA899709DB12CA00A3D774 /* Details.nib */,
				CE3AA46509DB207900DB3A21 /* Directories.nib */,
				29B97318FDCFA39411CA2CEA /* MainMenu.nib */,
			);
			name = Resources;
			sourceTree = "<group>";
		};
		29B97323FDCFA39411CA2CEA /* Frameworks */ = {
			isa = PBXGroup;
			children = (
				1058C7A0FEA54F0111CA2CBB /* Linked Frameworks */,
				1058C7A2FEA54F0111CA2CBB /* Other Frameworks */,
			);
			name = Frameworks;
			sourceTree = "<group>";
		};
		CE80DB1A0FC192AB0086DCA6 /* cocoalib */ = {
			isa = PBXGroup;
			children = (
				CEBAE4220FDA97E000B7887D /* brsinglelineformatter */,
				CE80DB700FC194760086DCA6 /* ErrorReportWindow.xib */,
				CE80DB720FC194760086DCA6 /* progress.nib */,
				CE80DB740FC194760086DCA6 /* registration.nib */,
				CE80DB480FC193770086DCA6 /* NSImageAdditions.h */,
				CE80DB490FC193770086DCA6 /* NSImageAdditions.m */,
				CE80DB450FC193650086DCA6 /* NSNotificationAdditions.h */,
				CE80DB460FC193650086DCA6 /* NSNotificationAdditions.m */,
				CE80DB1B0FC192D60086DCA6 /* Dialogs.h */,
				CE80DB1C0FC192D60086DCA6 /* Dialogs.m */,
				CE80DB1D0FC192D60086DCA6 /* HSErrorReportWindow.h */,
				CE80DB1E0FC192D60086DCA6 /* HSErrorReportWindow.m */,
				CE80DB1F0FC192D60086DCA6 /* Outline.h */,
				CE80DB200FC192D60086DCA6 /* Outline.m */,
				CE80DB210FC192D60086DCA6 /* ProgressController.h */,
				CE80DB220FC192D60086DCA6 /* ProgressController.m */,
				CE80DB230FC192D60086DCA6 /* PyApp.h */,
				CE80DB240FC192D60086DCA6 /* RecentDirectories.h */,
				CE80DB250FC192D60086DCA6 /* RecentDirectories.m */,
				CE80DB260FC192D60086DCA6 /* RegistrationInterface.h */,
				CE80DB270FC192D60086DCA6 /* RegistrationInterface.m */,
				CE80DB280FC192D60086DCA6 /* Table.h */,
				CE80DB290FC192D60086DCA6 /* Table.m */,
				CE80DB2A0FC192D60086DCA6 /* Utils.h */,
				CE80DB2B0FC192D60086DCA6 /* Utils.m */,
				CE80DB2C0FC192D60086DCA6 /* ValueTransformers.h */,
				CE80DB2D0FC192D60086DCA6 /* ValueTransformers.m */,
			);
			name = cocoalib;
			sourceTree = "<group>";
		};
		CE80DB810FC194BD0086DCA6 /* dgbase */ = {
			isa = PBXGroup;
			children = (
				CE80DB820FC1951C0086DCA6 /* AppDelegate.h */,
				CE80DB830FC1951C0086DCA6 /* AppDelegate.m */,
				CE80DB840FC1951C0086DCA6 /* Consts.h */,
				CE6044EA0FE6796200B71262 /* DetailsPanel.h */,
				CE6044EB0FE6796200B71262 /* DetailsPanel.m */,
				CE80DB850FC1951C0086DCA6 /* DirectoryPanel.h */,
				CE80DB860FC1951C0086DCA6 /* DirectoryPanel.m */,
				CE80DB870FC1951C0086DCA6 /* PyDupeGuru.h */,
				CE80DB880FC1951C0086DCA6 /* ResultWindow.h */,
				CE80DB890FC1951C0086DCA6 /* ResultWindow.m */,
			);
			name = dgbase;
			sourceTree = "<group>";
		};
		CEBAE4220FDA97E000B7887D /* brsinglelineformatter */ = {
			isa = PBXGroup;
			children = (
				CEBAE4230FDA97E000B7887D /* BRSingleLineFormatter.h */,
				CEBAE4240FDA97E000B7887D /* BRSingleLineFormatter.m */,
				CEBAE4250FDA97E000B7887D /* NSCharacterSet_Extensions.h */,
				CEBAE4260FDA97E000B7887D /* NSCharacterSet_Extensions.m */,
			);
			name = brsinglelineformatter;
			path = cocoalib/brsinglelineformatter;
			sourceTree = SOURCE_ROOT;
		};
		CEDA432B0B07C6E600B3091A /* w3 */ = {
			isa = PBXGroup;
			children = (
				CEDA432C0B07C6E600B3091A /* dg.xsl */,
				CEDA432D0B07C6E600B3091A /* hardcoded.css */,
			);
			path = w3;
			sourceTree = SOURCE_ROOT;
		};
		CEFC294309C89E0000D9F998 /* images */ = {
			isa = PBXGroup;
			children = (
				CEFCDE2C0AB0418600C33A93 /* dgpe_logo_32.png */,
				CEF7823709C8AA0200EF38FF /* gear.png */,
				CEFC295309C89FF200D9F998 /* details32.png */,
				CEFC295409C89FF200D9F998 /* preferences32.png */,
				CEFC294509C89E3D00D9F998 /* folder32.png */,
			);
			name = images;
			sourceTree = "<group>";
		};
/* End PBXGroup section */

/* Begin PBXNativeTarget section */
		8D1107260486CEB800E47090 /* dupeguru */ = {
			isa = PBXNativeTarget;
			buildConfigurationList = C01FCF4A08A954540054247B /* Build configuration list for PBXNativeTarget "dupeguru" */;
			buildPhases = (
				8D1107290486CEB800E47090 /* Resources */,
				8D11072C0486CEB800E47090 /* Sources */,
				8D11072E0486CEB800E47090 /* Frameworks */,
				CECC02B709A36E8200CC0A94 /* CopyFiles */,
			);
			buildRules = (
			);
			dependencies = (
			);
			name = dupeguru;
			productInstallPath = "$(HOME)/Applications";
			productName = dupeguru;
			productReference = 8D1107320486CEB800E47090 /* dupeGuru PE.app */;
			productType = "com.apple.product-type.application";
		};
/* End PBXNativeTarget section */

/* Begin PBXProject section */
		29B97313FDCFA39411CA2CEA /* Project object */ = {
			isa = PBXProject;
			buildConfigurationList = C01FCF4E08A954540054247B /* Build configuration list for PBXProject "dupeguru" */;
			compatibilityVersion = "Xcode 2.4";
			hasScannedForEncodings = 1;
			mainGroup = 29B97314FDCFA39411CA2CEA /* dupeguru */;
			projectDirPath = "";
			projectRoot = "";
			targets = (
				8D1107260486CEB800E47090 /* dupeguru */,
			);
		};
/* End PBXProject section */

/* Begin PBXResourcesBuildPhase section */
		8D1107290486CEB800E47090 /* Resources */ = {
			isa = PBXResourcesBuildPhase;
			buildActionMask = 2147483647;
			files = (
				8D11072A0486CEB800E47090 /* MainMenu.nib in Resources */,
				8D11072B0486CEB800E47090 /* InfoPlist.strings in Resources */,
				CE381D0509915304003581CE /* dg_cocoa.plugin in Resources */,
				CE073F6309CAE1A3005C1D2F /* dupeguru_pe_help in Resources */,
				CEEB135209C837A2004D2330 /* dupeguru.icns in Resources */,
				CEFC294609C89E3D00D9F998 /* folder32.png in Resources */,
				CEFC295509C89FF200D9F998 /* details32.png in Resources */,
				CEFC295609C89FF200D9F998 /* preferences32.png in Resources */,
				CEF7823809C8AA0200EF38FF /* gear.png in Resources */,
				CECA899909DB12CA00A3D774 /* Details.nib in Resources */,
				CE3AA46709DB207900DB3A21 /* Directories.nib in Resources */,
				CEFCDE2D0AB0418600C33A93 /* dgpe_logo_32.png in Resources */,
				CEDA432E0B07C6E600B3091A /* dg.xsl in Resources */,
				CEDA432F0B07C6E600B3091A /* hardcoded.css in Resources */,
				CE80DB760FC194760086DCA6 /* ErrorReportWindow.xib in Resources */,
				CE80DB770FC194760086DCA6 /* progress.nib in Resources */,
				CE80DB780FC194760086DCA6 /* registration.nib in Resources */,
			);
			runOnlyForDeploymentPostprocessing = 0;
		};
/* End PBXResourcesBuildPhase section */

/* Begin PBXSourcesBuildPhase section */
		8D11072C0486CEB800E47090 /* Sources */ = {
			isa = PBXSourcesBuildPhase;
			buildActionMask = 2147483647;
			files = (
				8D11072D0486CEB800E47090 /* main.m in Sources */,
				CE381C9609914ACE003581CE /* AppDelegate.m in Sources */,
				CE381C9C09914ADF003581CE /* ResultWindow.m in Sources */,
				CE68EE6809ABC48000971085 /* DirectoryPanel.m in Sources */,
				CECA899D09DB132E00A3D774 /* DetailsPanel.m in Sources */,
				CE0C46AA0FA0647E000BE99B /* PictureBlocks.m in Sources */,
				CE80DB2E0FC192D60086DCA6 /* Dialogs.m in Sources */,
				CE80DB2F0FC192D60086DCA6 /* HSErrorReportWindow.m in Sources */,
				CE80DB300FC192D60086DCA6 /* Outline.m in Sources */,
				CE80DB310FC192D60086DCA6 /* ProgressController.m in Sources */,
				CE80DB320FC192D60086DCA6 /* RecentDirectories.m in Sources */,
				CE80DB330FC192D60086DCA6 /* RegistrationInterface.m in Sources */,
				CE80DB340FC192D60086DCA6 /* Table.m in Sources */,
				CE80DB350FC192D60086DCA6 /* Utils.m in Sources */,
				CE80DB360FC192D60086DCA6 /* ValueTransformers.m in Sources */,
				CE80DB470FC193650086DCA6 /* NSNotificationAdditions.m in Sources */,
				CE80DB4A0FC193770086DCA6 /* NSImageAdditions.m in Sources */,
				CE80DB8A0FC1951C0086DCA6 /* AppDelegate.m in Sources */,
				CE80DB8B0FC1951C0086DCA6 /* DirectoryPanel.m in Sources */,
				CE80DB8C0FC1951C0086DCA6 /* ResultWindow.m in Sources */,
				CEBAE4270FDA97E000B7887D /* BRSingleLineFormatter.m in Sources */,
				CEBAE4280FDA97E000B7887D /* NSCharacterSet_Extensions.m in Sources */,
				CE6044EC0FE6796200B71262 /* DetailsPanel.m in Sources */,
			);
			runOnlyForDeploymentPostprocessing = 0;
		};
/* End PBXSourcesBuildPhase section */

/* Begin PBXVariantGroup section */
		089C165CFE840E0CC02AAC07 /* InfoPlist.strings */ = {
			isa = PBXVariantGroup;
			children = (
				089C165DFE840E0CC02AAC07 /* English */,
			);
			name = InfoPlist.strings;
			sourceTree = "<group>";
		};
		29B97318FDCFA39411CA2CEA /* MainMenu.nib */ = {
			isa = PBXVariantGroup;
			children = (
				29B97319FDCFA39411CA2CEA /* English */,
			);
			name = MainMenu.nib;
			sourceTree = SOURCE_ROOT;
		};
		CE3AA46509DB207900DB3A21 /* Directories.nib */ = {
			isa = PBXVariantGroup;
			children = (
				CE3AA46609DB207900DB3A21 /* English */,
			);
			name = Directories.nib;
			sourceTree = "<group>";
		};
		CE80DB700FC194760086DCA6 /* ErrorReportWindow.xib */ = {
			isa = PBXVariantGroup;
			children = (
				CE80DB710FC194760086DCA6 /* English */,
			);
			name = ErrorReportWindow.xib;
			sourceTree = SOURCE_ROOT;
		};
		CE80DB720FC194760086DCA6 /* progress.nib */ = {
			isa = PBXVariantGroup;
			children = (
				CE80DB730FC194760086DCA6 /* English */,
			);
			name = progress.nib;
			sourceTree = SOURCE_ROOT;
		};
		CE80DB740FC194760086DCA6 /* registration.nib */ = {
			isa = PBXVariantGroup;
			children = (
				CE80DB750FC194760086DCA6 /* English */,
			);
			name = registration.nib;
			sourceTree = SOURCE_ROOT;
		};
		CECA899709DB12CA00A3D774 /* Details.nib */ = {
			isa = PBXVariantGroup;
			children = (
				CECA899809DB12CA00A3D774 /* English */,
			);
			name = Details.nib;
			sourceTree = "<group>";
		};
/* End PBXVariantGroup section */

/* Begin XCBuildConfiguration section */
		C01FCF4B08A954540054247B /* Debug */ = {
			isa = XCBuildConfiguration;
			buildSettings = {
				COPY_PHASE_STRIP = NO;
				FRAMEWORK_SEARCH_PATHS = (
					"$(FRAMEWORK_SEARCH_PATHS)",
					"$(SRCROOT)/cocoalib/build/Release",
					"$(FRAMEWORK_SEARCH_PATHS_QUOTED_FOR_TARGET_1)",
				);
				FRAMEWORK_SEARCH_PATHS_QUOTED_FOR_TARGET_1 = "\"$(SRCROOT)/dgbase/build/Release\"";
				GCC_DYNAMIC_NO_PIC = NO;
				GCC_ENABLE_FIX_AND_CONTINUE = YES;
				GCC_MODEL_TUNING = G5;
				GCC_OPTIMIZATION_LEVEL = 0;
				INFOPLIST_FILE = Info.plist;
				INSTALL_PATH = "$(HOME)/Applications";
				PRODUCT_NAME = dupeGuru;
				WRAPPER_EXTENSION = app;
				ZERO_LINK = YES;
			};
			name = Debug;
		};
		C01FCF4C08A954540054247B /* Release */ = {
			isa = XCBuildConfiguration;
			buildSettings = {
				ARCHS = (
					ppc,
					i386,
				);
				FRAMEWORK_SEARCH_PATHS = (
					"$(FRAMEWORK_SEARCH_PATHS)",
					"$(FRAMEWORK_SEARCH_PATHS_QUOTED_FOR_TARGET_1)",
				);
				GCC_GENERATE_DEBUGGING_SYMBOLS = NO;
				GCC_MODEL_TUNING = G5;
				INFOPLIST_FILE = Info.plist;
				INSTALL_PATH = "$(HOME)/Applications";
				PRODUCT_NAME = "dupeGuru PE";
				WRAPPER_EXTENSION = app;
			};
			name = Release;
		};
		C01FCF4F08A954540054247B /* Debug */ = {
			isa = XCBuildConfiguration;
			buildSettings = {
				GCC_C_LANGUAGE_STANDARD = c99;
				GCC_WARN_ABOUT_RETURN_TYPE = YES;
				GCC_WARN_UNUSED_VARIABLE = YES;
				MACOSX_DEPLOYMENT_TARGET = 10.4;
				PREBINDING = NO;
				SDKROOT = /Developer/SDKs/MacOSX10.4u.sdk;
			};
			name = Debug;
		};
		C01FCF5008A954540054247B /* Release */ = {
			isa = XCBuildConfiguration;
			buildSettings = {
				ARCHS = (
					ppc,
					i386,
				);
				FRAMEWORK_SEARCH_PATHS = "";
				GCC_C_LANGUAGE_STANDARD = c99;
				GCC_WARN_ABOUT_RETURN_TYPE = YES;
				GCC_WARN_UNUSED_VARIABLE = YES;
				MACOSX_DEPLOYMENT_TARGET = 10.4;
				PREBINDING = NO;
				SDKROOT = /Developer/SDKs/MacOSX10.4u.sdk;
			};
			name = Release;
		};
/* End XCBuildConfiguration section */

/* Begin XCConfigurationList section */
		C01FCF4A08A954540054247B /* Build configuration list for PBXNativeTarget "dupeguru" */ = {
			isa = XCConfigurationList;
			buildConfigurations = (
				C01FCF4B08A954540054247B /* Debug */,
				C01FCF4C08A954540054247B /* Release */,
			);
			defaultConfigurationIsVisible = 0;
			defaultConfigurationName = Release;
		};
		C01FCF4E08A954540054247B /* Build configuration list for PBXProject "dupeguru" */ = {
			isa = XCConfigurationList;
			buildConfigurations = (
				C01FCF4F08A954540054247B /* Debug */,
				C01FCF5008A954540054247B /* Release */,
			);
			defaultConfigurationIsVisible = 0;
			defaultConfigurationName = Release;
		};
/* End XCConfigurationList section */
	};
	rootObject = 29B97313FDCFA39411CA2CEA /* Project object */;
}
